// !$*UTF8*$!
{
	archiveVersion = 1;
	classes = {
	};
	objectVersion = 46;
	objects = {

/* Begin PBXBuildFile section */
		1F962A2AC477CB7C72768F96 /* Pods_emojigameTests.framework in Frameworks */ = {isa = PBXBuildFile; fileRef = 585542A64B59979D93B4C209 /* Pods_emojigameTests.framework */; };
		344B2A1DEFE9EC1D7B78AE85 /* Pods_emojigameUITests.framework in Frameworks */ = {isa = PBXBuildFile; fileRef = 7F7E599ED5A78AE76F78C8E5 /* Pods_emojigameUITests.framework */; };
		3702CF571E11506800599040 /* psycho.gif in Resources */ = {isa = PBXBuildFile; fileRef = 3702CF561E11506800599040 /* psycho.gif */; };
		3702CF591E11518F00599040 /* poltergeist.gif in Resources */ = {isa = PBXBuildFile; fileRef = 3702CF581E11518F00599040 /* poltergeist.gif */; };
		3702CF5B1E1151CC00599040 /* you've got mail.gif in Resources */ = {isa = PBXBuildFile; fileRef = 3702CF5A1E1151CC00599040 /* you've got mail.gif */; };
		3702CF661E11565D00599040 /* inception.gif in Resources */ = {isa = PBXBuildFile; fileRef = 3702CF5C1E11565D00599040 /* inception.gif */; };
		3702CF671E11565D00599040 /* thor.gif in Resources */ = {isa = PBXBuildFile; fileRef = 3702CF5D1E11565D00599040 /* thor.gif */; };
		3702CF681E11565D00599040 /* forrest gump.gif in Resources */ = {isa = PBXBuildFile; fileRef = 3702CF5E1E11565D00599040 /* forrest gump.gif */; };
		3702CF691E11565D00599040 /* spider-man.gif in Resources */ = {isa = PBXBuildFile; fileRef = 3702CF5F1E11565D00599040 /* spider-man.gif */; };
		3702CF6A1E11565D00599040 /* se7en.gif in Resources */ = {isa = PBXBuildFile; fileRef = 3702CF601E11565D00599040 /* se7en.gif */; };
		3702CF6B1E11565D00599040 /* wall-e.gif in Resources */ = {isa = PBXBuildFile; fileRef = 3702CF611E11565D00599040 /* wall-e.gif */; };
		3702CF6C1E11565D00599040 /* the three amigos.gif in Resources */ = {isa = PBXBuildFile; fileRef = 3702CF621E11565D00599040 /* the three amigos.gif */; };
		3702CF6D1E11565D00599040 /* back to the future.gif in Resources */ = {isa = PBXBuildFile; fileRef = 3702CF631E11565D00599040 /* back to the future.gif */; };
		3702CF6E1E11565D00599040 /* ferris bueller's day off.gif in Resources */ = {isa = PBXBuildFile; fileRef = 3702CF641E11565D00599040 /* ferris bueller's day off.gif */; };
		3702CF6F1E11565D00599040 /* the shawshank redemption.gif in Resources */ = {isa = PBXBuildFile; fileRef = 3702CF651E11565D00599040 /* the shawshank redemption.gif */; };
		3702CF761E115A8400599040 /* pulp fiction.gif in Resources */ = {isa = PBXBuildFile; fileRef = 3702CF701E115A8400599040 /* pulp fiction.gif */; };
		3702CF771E115A8400599040 /* the wizard of oz.gif in Resources */ = {isa = PBXBuildFile; fileRef = 3702CF711E115A8400599040 /* the wizard of oz.gif */; };
		3702CF781E115A8400599040 /* kindergarten cop.gif in Resources */ = {isa = PBXBuildFile; fileRef = 3702CF721E115A8400599040 /* kindergarten cop.gif */; };
		3702CF791E115A8400599040 /* ace ventura pet detective.gif in Resources */ = {isa = PBXBuildFile; fileRef = 3702CF731E115A8400599040 /* ace ventura pet detective.gif */; };
		3702CF7A1E115A8400599040 /* face off.gif in Resources */ = {isa = PBXBuildFile; fileRef = 3702CF741E115A8400599040 /* face off.gif */; };
		3702CF7B1E115A8400599040 /* big.gif in Resources */ = {isa = PBXBuildFile; fileRef = 3702CF751E115A8400599040 /* big.gif */; };
		3702CF851E116F7500599040 /* father of the bride.gif in Resources */ = {isa = PBXBuildFile; fileRef = 3702CF7C1E116F7500599040 /* father of the bride.gif */; };
		3702CF861E116F7500599040 /* my big fat greek wedding.gif in Resources */ = {isa = PBXBuildFile; fileRef = 3702CF7D1E116F7500599040 /* my big fat greek wedding.gif */; };
		3702CF871E116F7500599040 /* the dark knight.gif in Resources */ = {isa = PBXBuildFile; fileRef = 3702CF7E1E116F7500599040 /* the dark knight.gif */; };
		3702CF881E116F7500599040 /* national treasure.gif in Resources */ = {isa = PBXBuildFile; fileRef = 3702CF7F1E116F7500599040 /* national treasure.gif */; };
		3702CF891E116F7500599040 /* sherlock holmes.jpg in Resources */ = {isa = PBXBuildFile; fileRef = 3702CF801E116F7500599040 /* sherlock holmes.jpg */; };
		3702CF8A1E116F7500599040 /* dirty dancing.gif in Resources */ = {isa = PBXBuildFile; fileRef = 3702CF811E116F7500599040 /* dirty dancing.gif */; };
		3702CF8B1E116F7500599040 /* ghostbusters.gif in Resources */ = {isa = PBXBuildFile; fileRef = 3702CF821E116F7500599040 /* ghostbusters.gif */; };
		3702CF8C1E116F7500599040 /* the usual suspects.gif in Resources */ = {isa = PBXBuildFile; fileRef = 3702CF831E116F7500599040 /* the usual suspects.gif */; };
		3702CF8D1E116F7500599040 /* the matrix.gif in Resources */ = {isa = PBXBuildFile; fileRef = 3702CF841E116F7500599040 /* the matrix.gif */; };
		3702CF8F1E12AFCC00599040 /* happy gilmore.gif in Resources */ = {isa = PBXBuildFile; fileRef = 3702CF8E1E12AFCC00599040 /* happy gilmore.gif */; };
		3719A66B1E14859700644F09 /* Pods_emojigame.framework in Frameworks */ = {isa = PBXBuildFile; fileRef = 3719A66A1E14859700644F09 /* Pods_emojigame.framework */; };
		3732394E1E14405A00F03599 /* AnalyticsSwift.framework in Frameworks */ = {isa = PBXBuildFile; fileRef = 3732394D1E14405A00F03599 /* AnalyticsSwift.framework */; };
		373239501E14408000F03599 /* AnalyticsSwift.framework in Frameworks */ = {isa = PBXBuildFile; fileRef = 3732394F1E14408000F03599 /* AnalyticsSwift.framework */; };
		373D6D0B1E16966A00E18D51 /* GoogleService-Info.plist in Resources */ = {isa = PBXBuildFile; fileRef = 373D6D091E16966A00E18D51 /* GoogleService-Info.plist */; };
		373D6D0D1E16F53300E18D51 /* home alone.gif in Resources */ = {isa = PBXBuildFile; fileRef = 373D6D0C1E16F53300E18D51 /* home alone.gif */; };
		373D6D0E1E16F53300E18D51 /* home alone.gif in Resources */ = {isa = PBXBuildFile; fileRef = 373D6D0C1E16F53300E18D51 /* home alone.gif */; };
		376DD4C31E0EA02D00423F13 /* MessagesViewController.swift in Sources */ = {isa = PBXBuildFile; fileRef = 66D06F731E08C8BA008ACB40 /* MessagesViewController.swift */; };
		37CE53E01E13FB4D00DD5028 /* the lion king.gif in Resources */ = {isa = PBXBuildFile; fileRef = 37CE53B71E13FB4D00DD5028 /* the lion king.gif */; };
		37CE53E11E13FB4D00DD5028 /* clueless.gif in Resources */ = {isa = PBXBuildFile; fileRef = 37CE53B81E13FB4D00DD5028 /* clueless.gif */; };
		37CE53E21E13FB4D00DD5028 /* all the president's men.gif in Resources */ = {isa = PBXBuildFile; fileRef = 37CE53B91E13FB4D00DD5028 /* all the president's men.gif */; };
		37CE53E31E13FB4D00DD5028 /* caddyshack.gif in Resources */ = {isa = PBXBuildFile; fileRef = 37CE53BA1E13FB4D00DD5028 /* caddyshack.gif */; };
		37CE53E41E13FB4D00DD5028 /* elf.gif in Resources */ = {isa = PBXBuildFile; fileRef = 37CE53BB1E13FB4D00DD5028 /* elf.gif */; };
		37CE53E51E13FB4E00DD5028 /* captain america civil war.gif in Resources */ = {isa = PBXBuildFile; fileRef = 37CE53BC1E13FB4D00DD5028 /* captain america civil war.gif */; };
		37CE53E61E13FB4E00DD5028 /* the day after tomorrow.gif in Resources */ = {isa = PBXBuildFile; fileRef = 37CE53BD1E13FB4D00DD5028 /* the day after tomorrow.gif */; };
		37CE53E71E13FB4E00DD5028 /* grand budapest hotel.gif in Resources */ = {isa = PBXBuildFile; fileRef = 37CE53BE1E13FB4D00DD5028 /* grand budapest hotel.gif */; };
		37CE53E81E13FB4E00DD5028 /* noah.gif in Resources */ = {isa = PBXBuildFile; fileRef = 37CE53BF1E13FB4D00DD5028 /* noah.gif */; };
		37CE53E91E13FB4E00DD5028 /* legally blonde.gif in Resources */ = {isa = PBXBuildFile; fileRef = 37CE53C01E13FB4D00DD5028 /* legally blonde.gif */; };
		37CE53EA1E13FB4E00DD5028 /* joy.gif in Resources */ = {isa = PBXBuildFile; fileRef = 37CE53C11E13FB4D00DD5028 /* joy.gif */; };
		37CE53EB1E13FB4E00DD5028 /* little miss sunshine.gif in Resources */ = {isa = PBXBuildFile; fileRef = 37CE53C21E13FB4D00DD5028 /* little miss sunshine.gif */; };
		37CE53EC1E13FB4E00DD5028 /* pretty woman.gif in Resources */ = {isa = PBXBuildFile; fileRef = 37CE53C31E13FB4D00DD5028 /* pretty woman.gif */; };
		37CE53ED1E13FB4E00DD5028 /* rudy.gif in Resources */ = {isa = PBXBuildFile; fileRef = 37CE53C41E13FB4D00DD5028 /* rudy.gif */; };
		37CE53EE1E13FB4E00DD5028 /* what about bob.gif in Resources */ = {isa = PBXBuildFile; fileRef = 37CE53C51E13FB4D00DD5028 /* what about bob.gif */; };
		37CE53EF1E13FB4E00DD5028 /* risky business.gif in Resources */ = {isa = PBXBuildFile; fileRef = 37CE53C61E13FB4D00DD5028 /* risky business.gif */; };
		37CE53F01E13FB4E00DD5028 /* groundhog day.gif in Resources */ = {isa = PBXBuildFile; fileRef = 37CE53C71E13FB4D00DD5028 /* groundhog day.gif */; };
		37CE53F11E13FB4E00DD5028 /* armageddon.gif in Resources */ = {isa = PBXBuildFile; fileRef = 37CE53C81E13FB4D00DD5028 /* armageddon.gif */; };
		37CE53F21E13FB4E00DD5028 /* gladiator.gif in Resources */ = {isa = PBXBuildFile; fileRef = 37CE53C91E13FB4D00DD5028 /* gladiator.gif */; };
		37CE53F31E13FB4E00DD5028 /* honey i shrunk the kids.gif in Resources */ = {isa = PBXBuildFile; fileRef = 37CE53CA1E13FB4D00DD5028 /* honey i shrunk the kids.gif */; };
		37CE53F41E13FB4E00DD5028 /* coming to america.gif in Resources */ = {isa = PBXBuildFile; fileRef = 37CE53CB1E13FB4D00DD5028 /* coming to america.gif */; };
		37CE53F51E13FB4E00DD5028 /* field of dreams.gif in Resources */ = {isa = PBXBuildFile; fileRef = 37CE53CC1E13FB4D00DD5028 /* field of dreams.gif */; };
		37CE53F61E13FB4E00DD5028 /* ghost.gif in Resources */ = {isa = PBXBuildFile; fileRef = 37CE53CD1E13FB4D00DD5028 /* ghost.gif */; };
		37CE53F71E13FB4E00DD5028 /* con air.gif in Resources */ = {isa = PBXBuildFile; fileRef = 37CE53CE1E13FB4D00DD5028 /* con air.gif */; };
		37CE53F81E13FB4E00DD5028 /* coyote ugly.gif in Resources */ = {isa = PBXBuildFile; fileRef = 37CE53CF1E13FB4D00DD5028 /* coyote ugly.gif */; };
		37CE53FA1E13FB4E00DD5028 /* white men can't jump.gif in Resources */ = {isa = PBXBuildFile; fileRef = 37CE53D11E13FB4D00DD5028 /* white men can't jump.gif */; };
		37CE53FB1E13FB4E00DD5028 /* beverly hills cop.gif in Resources */ = {isa = PBXBuildFile; fileRef = 37CE53D21E13FB4D00DD5028 /* beverly hills cop.gif */; };
		37CE53FC1E13FB4E00DD5028 /* die hard.gif in Resources */ = {isa = PBXBuildFile; fileRef = 37CE53D31E13FB4D00DD5028 /* die hard.gif */; };
		37CE53FD1E13FB4E00DD5028 /* the money pit.gif in Resources */ = {isa = PBXBuildFile; fileRef = 37CE53D41E13FB4D00DD5028 /* the money pit.gif */; };
		37CE53FE1E13FB4E00DD5028 /* point break.gif in Resources */ = {isa = PBXBuildFile; fileRef = 37CE53D51E13FB4D00DD5028 /* point break.gif */; };
		37CE53FF1E13FB4E00DD5028 /* blazing saddles.gif in Resources */ = {isa = PBXBuildFile; fileRef = 37CE53D61E13FB4D00DD5028 /* blazing saddles.gif */; };
		37CE54001E13FB4E00DD5028 /* goonies.gif in Resources */ = {isa = PBXBuildFile; fileRef = 37CE53D71E13FB4D00DD5028 /* goonies.gif */; };
		37CE54011E13FB4E00DD5028 /* apollo 13.gif in Resources */ = {isa = PBXBuildFile; fileRef = 37CE53D81E13FB4D00DD5028 /* apollo 13.gif */; };
		37CE54021E13FB4E00DD5028 /* the karate kid.gif in Resources */ = {isa = PBXBuildFile; fileRef = 37CE53D91E13FB4D00DD5028 /* the karate kid.gif */; };
		37CE54041E13FB4E00DD5028 /* footloose.gif in Resources */ = {isa = PBXBuildFile; fileRef = 37CE53DB1E13FB4D00DD5028 /* footloose.gif */; };
		37CE54051E13FB4E00DD5028 /* sherlock holmes.gif in Resources */ = {isa = PBXBuildFile; fileRef = 37CE53DC1E13FB4D00DD5028 /* sherlock holmes.gif */; };
		37CE54061E13FB4E00DD5028 /* days of thunder.gif in Resources */ = {isa = PBXBuildFile; fileRef = 37CE53DD1E13FB4D00DD5028 /* days of thunder.gif */; };
		37CE54071E13FB4E00DD5028 /* hot fuzz.gif in Resources */ = {isa = PBXBuildFile; fileRef = 37CE53DE1E13FB4D00DD5028 /* hot fuzz.gif */; };
		37CE54081E13FB4E00DD5028 /* shaun of the dead.gif in Resources */ = {isa = PBXBuildFile; fileRef = 37CE53DF1E13FB4D00DD5028 /* shaun of the dead.gif */; };
		37D2D4981E153B8800D5A9A8 /* contact.gif in Resources */ = {isa = PBXBuildFile; fileRef = 37D2D4971E153B8800D5A9A8 /* contact.gif */; };
		4818E6306E4CFFF7240DA659 /* Pods_emojigame_Emojisodes.framework in Frameworks */ = {isa = PBXBuildFile; fileRef = 26E484E61D0C3480FB41255C /* Pods_emojigame_Emojisodes.framework */; };
		660A6F1B1E0AF1EB005A14BC /* Lato-Black.ttf in Resources */ = {isa = PBXBuildFile; fileRef = 660A6F161E0AF1EB005A14BC /* Lato-Black.ttf */; };
		660A6F1C1E0AF1EB005A14BC /* Lato-Bold.ttf in Resources */ = {isa = PBXBuildFile; fileRef = 660A6F171E0AF1EB005A14BC /* Lato-Bold.ttf */; };
		660A6F1D1E0AF1EB005A14BC /* Lato-Heavy.ttf in Resources */ = {isa = PBXBuildFile; fileRef = 660A6F181E0AF1EB005A14BC /* Lato-Heavy.ttf */; };
		660A6F1E1E0AF1EB005A14BC /* Lato-Light.ttf in Resources */ = {isa = PBXBuildFile; fileRef = 660A6F191E0AF1EB005A14BC /* Lato-Light.ttf */; };
		660A6F1F1E0AF1EB005A14BC /* Lato-Medium.ttf in Resources */ = {isa = PBXBuildFile; fileRef = 660A6F1A1E0AF1EB005A14BC /* Lato-Medium.ttf */; };
		662604B81D6DDFB1001E0424 /* FirstTimeController.swift in Sources */ = {isa = PBXBuildFile; fileRef = 662604B71D6DDFB1001E0424 /* FirstTimeController.swift */; };
		662604BA1D6DDFBB001E0424 /* FirstTime2Controller.swift in Sources */ = {isa = PBXBuildFile; fileRef = 662604B91D6DDFBB001E0424 /* FirstTime2Controller.swift */; };
		662FF3A71DF9B3B200761080 /* TwitterKit.framework in Frameworks */ = {isa = PBXBuildFile; fileRef = 662FF3A41DF9B3B200761080 /* TwitterKit.framework */; };
		662FF3A81DF9B3B200761080 /* TwitterKitResources.bundle in Resources */ = {isa = PBXBuildFile; fileRef = 662FF3A51DF9B3B200761080 /* TwitterKitResources.bundle */; };
		662FF3A91DF9B3B200761080 /* TwitterCore.framework in Frameworks */ = {isa = PBXBuildFile; fileRef = 662FF3A61DF9B3B200761080 /* TwitterCore.framework */; };
		66487E711E072E7D001EA15A /* ButtonCell.swift in Sources */ = {isa = PBXBuildFile; fileRef = 66487E701E072E7D001EA15A /* ButtonCell.swift */; };
		6652963A1E00580C00854403 /* MovieListController.swift in Sources */ = {isa = PBXBuildFile; fileRef = 665296391E00580C00854403 /* MovieListController.swift */; };
		666765671D7267C4001A3872 /* GameKit.framework in Frameworks */ = {isa = PBXBuildFile; fileRef = 666765661D7267C4001A3872 /* GameKit.framework */; };
		66695A461D3CFEDF008FEA44 /* ViewController.swift in Sources */ = {isa = PBXBuildFile; fileRef = 66695A3F1D3CFEDF008FEA44 /* ViewController.swift */; };
		66695A481D3CFEDF008FEA44 /* AppDelegate.swift in Sources */ = {isa = PBXBuildFile; fileRef = 66695A411D3CFEDF008FEA44 /* AppDelegate.swift */; };
		66695A4A1D3CFEDF008FEA44 /* Assets.xcassets in Resources */ = {isa = PBXBuildFile; fileRef = 66695A431D3CFEDF008FEA44 /* Assets.xcassets */; };
		6691FD4C1DF8FD150015BA00 /* GoogleService-Info.plist in Resources */ = {isa = PBXBuildFile; fileRef = 6691FD4B1DF8FD150015BA00 /* GoogleService-Info.plist */; };
		6695A05B1D71A47400DE855F /* StringScore.swift in Sources */ = {isa = PBXBuildFile; fileRef = 6695A05A1D71A47400DE855F /* StringScore.swift */; };
		669656461D5B59F8002B516C /* Podfile.lock in Resources */ = {isa = PBXBuildFile; fileRef = 669656441D5B59F8002B516C /* Podfile.lock */; };
		669656471D5B59F8002B516C /* Podfile in Resources */ = {isa = PBXBuildFile; fileRef = 669656451D5B59F8002B516C /* Podfile */; };
		6697E20B1DF838FF00542F8C /* OMDBAPIController.swift in Sources */ = {isa = PBXBuildFile; fileRef = 6697E20A1DF838FF00542F8C /* OMDBAPIController.swift */; };
		669FAC651D3D02ED00C92433 /* LaunchScreen.storyboard in Resources */ = {isa = PBXBuildFile; fileRef = 669FAC611D3D02ED00C92433 /* LaunchScreen.storyboard */; };
		669FAC661D3D02ED00C92433 /* Main.storyboard in Resources */ = {isa = PBXBuildFile; fileRef = 669FAC631D3D02ED00C92433 /* Main.storyboard */; };
		66BDC9BF1DF9AC9C0018D8B7 /* Fabric.framework in Frameworks */ = {isa = PBXBuildFile; fileRef = 66BDC9BD1DF9AC9C0018D8B7 /* Fabric.framework */; };
		66BDC9C01DF9AC9C0018D8B7 /* Crashlytics.framework in Frameworks */ = {isa = PBXBuildFile; fileRef = 66BDC9BE1DF9AC9C0018D8B7 /* Crashlytics.framework */; };
		66D06F711E08C8BA008ACB40 /* Messages.framework in Frameworks */ = {isa = PBXBuildFile; fileRef = 66CAD6251E03FDCE00FF3078 /* Messages.framework */; };
		66D06F771E08C8BA008ACB40 /* MainInterface.storyboard in Resources */ = {isa = PBXBuildFile; fileRef = 66D06F751E08C8BA008ACB40 /* MainInterface.storyboard */; };
		66D06F791E08C8BA008ACB40 /* Assets.xcassets in Resources */ = {isa = PBXBuildFile; fileRef = 66D06F781E08C8BA008ACB40 /* Assets.xcassets */; };
		66D06F7D1E08C8BA008ACB40 /* Emojisodes.appex in Embed App Extensions */ = {isa = PBXBuildFile; fileRef = 66D06F701E08C8BA008ACB40 /* Emojisodes.appex */; settings = {ATTRIBUTES = (RemoveHeadersOnCopy, ); }; };
		66D06F821E08CA62008ACB40 /* EmojisodesStickersViewController.swift in Sources */ = {isa = PBXBuildFile; fileRef = 66D06F811E08CA62008ACB40 /* EmojisodesStickersViewController.swift */; };
		66D06FC41E094DF0008ACB40 /* demolition man.gif in Resources */ = {isa = PBXBuildFile; fileRef = 66D06FC21E094DF0008ACB40 /* demolition man.gif */; };
		66D06FC51E094DF0008ACB40 /* the net.gif in Resources */ = {isa = PBXBuildFile; fileRef = 66D06FC31E094DF0008ACB40 /* the net.gif */; };
		66DE19BE1D524317001E589B /* AddMovieController.swift in Sources */ = {isa = PBXBuildFile; fileRef = 66DE19BD1D524317001E589B /* AddMovieController.swift */; };
		66DE19C01D5245A2001E589B /* Movies.swift in Sources */ = {isa = PBXBuildFile; fileRef = 66DE19BF1D5245A2001E589B /* Movies.swift */; };
		66DE19C21D524737001E589B /* Users.swift in Sources */ = {isa = PBXBuildFile; fileRef = 66DE19C11D524737001E589B /* Users.swift */; };
		66F8FD5E1D5B5CCD0027E031 /* LoginController.swift in Sources */ = {isa = PBXBuildFile; fileRef = 66F8FD5D1D5B5CCD0027E031 /* LoginController.swift */; };
		66F8FD661D6CE20A0027E031 /* ProfileController.swift in Sources */ = {isa = PBXBuildFile; fileRef = 66F8FD651D6CE20A0027E031 /* ProfileController.swift */; };
		AB91B5D35539E6B0AE52E85C /* Pods_emojigame.framework in Frameworks */ = {isa = PBXBuildFile; fileRef = 1D06AC990B5B0E3F0426942B /* Pods_emojigame.framework */; };
/* End PBXBuildFile section */

/* Begin PBXContainerItemProxy section */
		66374B6C1D2EFF58007024B1 /* PBXContainerItemProxy */ = {
			isa = PBXContainerItemProxy;
			containerPortal = 66374B4F1D2EFF58007024B1 /* Project object */;
			proxyType = 1;
			remoteGlobalIDString = 66374B561D2EFF58007024B1;
			remoteInfo = "Fun Facts";
		};
		66374B771D2EFF58007024B1 /* PBXContainerItemProxy */ = {
			isa = PBXContainerItemProxy;
			containerPortal = 66374B4F1D2EFF58007024B1 /* Project object */;
			proxyType = 1;
			remoteGlobalIDString = 66374B561D2EFF58007024B1;
			remoteInfo = "Fun Facts";
		};
		66D06F7B1E08C8BA008ACB40 /* PBXContainerItemProxy */ = {
			isa = PBXContainerItemProxy;
			containerPortal = 66374B4F1D2EFF58007024B1 /* Project object */;
			proxyType = 1;
			remoteGlobalIDString = 66D06F6F1E08C8BA008ACB40;
			remoteInfo = Emojisodes;
		};
/* End PBXContainerItemProxy section */

/* Begin PBXCopyFilesBuildPhase section */
		668E58311E02A462009BAC46 /* Embed App Extensions */ = {
			isa = PBXCopyFilesBuildPhase;
			buildActionMask = 2147483647;
			dstPath = "";
			dstSubfolderSpec = 13;
			files = (
				66D06F7D1E08C8BA008ACB40 /* Emojisodes.appex in Embed App Extensions */,
			);
			name = "Embed App Extensions";
			runOnlyForDeploymentPostprocessing = 0;
		};
		66D1A5101DF91154002AA6BD /* Embed Frameworks */ = {
			isa = PBXCopyFilesBuildPhase;
			buildActionMask = 2147483647;
			dstPath = "";
			dstSubfolderSpec = 10;
			files = (
			);
			name = "Embed Frameworks";
			runOnlyForDeploymentPostprocessing = 0;
		};
/* End PBXCopyFilesBuildPhase section */

/* Begin PBXFileReference section */
		0FC8386ED49E588FB99AAD01 /* Pods-emojigameUITests.debug.xcconfig */ = {isa = PBXFileReference; includeInIndex = 1; lastKnownFileType = text.xcconfig; name = "Pods-emojigameUITests.debug.xcconfig"; path = "Pods/Target Support Files/Pods-emojigameUITests/Pods-emojigameUITests.debug.xcconfig"; sourceTree = "<group>"; };
		1D06AC990B5B0E3F0426942B /* Pods_emojigame.framework */ = {isa = PBXFileReference; explicitFileType = wrapper.framework; includeInIndex = 0; path = Pods_emojigame.framework; sourceTree = BUILT_PRODUCTS_DIR; };
		20DFF87D37776CEAD79F3CA7 /* Pods-emojigame-Emojisodes.release.xcconfig */ = {isa = PBXFileReference; includeInIndex = 1; lastKnownFileType = text.xcconfig; name = "Pods-emojigame-Emojisodes.release.xcconfig"; path = "Pods/Target Support Files/Pods-emojigame-Emojisodes/Pods-emojigame-Emojisodes.release.xcconfig"; sourceTree = "<group>"; };
		26E484E61D0C3480FB41255C /* Pods_emojigame_Emojisodes.framework */ = {isa = PBXFileReference; explicitFileType = wrapper.framework; includeInIndex = 0; path = Pods_emojigame_Emojisodes.framework; sourceTree = BUILT_PRODUCTS_DIR; };
		2A73B11DAB20B9FCFBBDDA8B /* Pods-emojigame.debug.xcconfig */ = {isa = PBXFileReference; includeInIndex = 1; lastKnownFileType = text.xcconfig; name = "Pods-emojigame.debug.xcconfig"; path = "Pods/Target Support Files/Pods-emojigame/Pods-emojigame.debug.xcconfig"; sourceTree = "<group>"; };
		2B84D334BF9C1FFD10019471 /* Pods-emojigame.release.xcconfig */ = {isa = PBXFileReference; includeInIndex = 1; lastKnownFileType = text.xcconfig; name = "Pods-emojigame.release.xcconfig"; path = "Pods/Target Support Files/Pods-emojigame/Pods-emojigame.release.xcconfig"; sourceTree = "<group>"; };
		3702CF561E11506800599040 /* psycho.gif */ = {isa = PBXFileReference; lastKnownFileType = image.gif; path = psycho.gif; sourceTree = "<group>"; };
		3702CF581E11518F00599040 /* poltergeist.gif */ = {isa = PBXFileReference; lastKnownFileType = image.gif; path = poltergeist.gif; sourceTree = "<group>"; };
		3702CF5A1E1151CC00599040 /* you've got mail.gif */ = {isa = PBXFileReference; lastKnownFileType = image.gif; path = "you've got mail.gif"; sourceTree = "<group>"; };
		3702CF5C1E11565D00599040 /* inception.gif */ = {isa = PBXFileReference; lastKnownFileType = image.gif; path = inception.gif; sourceTree = "<group>"; };
		3702CF5D1E11565D00599040 /* thor.gif */ = {isa = PBXFileReference; lastKnownFileType = image.gif; path = thor.gif; sourceTree = "<group>"; };
		3702CF5E1E11565D00599040 /* forrest gump.gif */ = {isa = PBXFileReference; lastKnownFileType = image.gif; path = "forrest gump.gif"; sourceTree = "<group>"; };
		3702CF5F1E11565D00599040 /* spider-man.gif */ = {isa = PBXFileReference; lastKnownFileType = image.gif; path = "spider-man.gif"; sourceTree = "<group>"; };
		3702CF601E11565D00599040 /* se7en.gif */ = {isa = PBXFileReference; lastKnownFileType = image.gif; path = se7en.gif; sourceTree = "<group>"; };
		3702CF611E11565D00599040 /* wall-e.gif */ = {isa = PBXFileReference; lastKnownFileType = image.gif; path = "wall-e.gif"; sourceTree = "<group>"; };
		3702CF621E11565D00599040 /* the three amigos.gif */ = {isa = PBXFileReference; lastKnownFileType = image.gif; path = "the three amigos.gif"; sourceTree = "<group>"; };
		3702CF631E11565D00599040 /* back to the future.gif */ = {isa = PBXFileReference; lastKnownFileType = image.gif; path = "back to the future.gif"; sourceTree = "<group>"; };
		3702CF641E11565D00599040 /* ferris bueller's day off.gif */ = {isa = PBXFileReference; lastKnownFileType = image.gif; path = "ferris bueller's day off.gif"; sourceTree = "<group>"; };
		3702CF651E11565D00599040 /* the shawshank redemption.gif */ = {isa = PBXFileReference; lastKnownFileType = image.gif; path = "the shawshank redemption.gif"; sourceTree = "<group>"; };
		3702CF701E115A8400599040 /* pulp fiction.gif */ = {isa = PBXFileReference; lastKnownFileType = image.gif; path = "pulp fiction.gif"; sourceTree = "<group>"; };
		3702CF711E115A8400599040 /* the wizard of oz.gif */ = {isa = PBXFileReference; lastKnownFileType = image.gif; path = "the wizard of oz.gif"; sourceTree = "<group>"; };
		3702CF721E115A8400599040 /* kindergarten cop.gif */ = {isa = PBXFileReference; lastKnownFileType = image.gif; path = "kindergarten cop.gif"; sourceTree = "<group>"; };
		3702CF731E115A8400599040 /* ace ventura pet detective.gif */ = {isa = PBXFileReference; lastKnownFileType = image.gif; path = "ace ventura pet detective.gif"; sourceTree = "<group>"; };
		3702CF741E115A8400599040 /* face off.gif */ = {isa = PBXFileReference; lastKnownFileType = image.gif; path = "face off.gif"; sourceTree = "<group>"; };
		3702CF751E115A8400599040 /* big.gif */ = {isa = PBXFileReference; lastKnownFileType = image.gif; path = big.gif; sourceTree = "<group>"; };
		3702CF7C1E116F7500599040 /* father of the bride.gif */ = {isa = PBXFileReference; lastKnownFileType = image.gif; path = "father of the bride.gif"; sourceTree = "<group>"; };
		3702CF7D1E116F7500599040 /* my big fat greek wedding.gif */ = {isa = PBXFileReference; lastKnownFileType = image.gif; path = "my big fat greek wedding.gif"; sourceTree = "<group>"; };
		3702CF7E1E116F7500599040 /* the dark knight.gif */ = {isa = PBXFileReference; lastKnownFileType = image.gif; path = "the dark knight.gif"; sourceTree = "<group>"; };
		3702CF7F1E116F7500599040 /* national treasure.gif */ = {isa = PBXFileReference; lastKnownFileType = image.gif; path = "national treasure.gif"; sourceTree = "<group>"; };
		3702CF801E116F7500599040 /* sherlock holmes.jpg */ = {isa = PBXFileReference; lastKnownFileType = image.jpeg; path = "sherlock holmes.jpg"; sourceTree = "<group>"; };
		3702CF811E116F7500599040 /* dirty dancing.gif */ = {isa = PBXFileReference; lastKnownFileType = image.gif; path = "dirty dancing.gif"; sourceTree = "<group>"; };
		3702CF821E116F7500599040 /* ghostbusters.gif */ = {isa = PBXFileReference; lastKnownFileType = image.gif; path = ghostbusters.gif; sourceTree = "<group>"; };
		3702CF831E116F7500599040 /* the usual suspects.gif */ = {isa = PBXFileReference; lastKnownFileType = image.gif; path = "the usual suspects.gif"; sourceTree = "<group>"; };
		3702CF841E116F7500599040 /* the matrix.gif */ = {isa = PBXFileReference; lastKnownFileType = image.gif; path = "the matrix.gif"; sourceTree = "<group>"; };
		3702CF8E1E12AFCC00599040 /* happy gilmore.gif */ = {isa = PBXFileReference; lastKnownFileType = image.gif; path = "happy gilmore.gif"; sourceTree = "<group>"; };
		3719A66A1E14859700644F09 /* Pods_emojigame.framework */ = {isa = PBXFileReference; lastKnownFileType = wrapper.framework; name = Pods_emojigame.framework; path = "../Library/Developer/Xcode/DerivedData/emojigame-hlajniaroansvldolegsphuktpbt/Build/Products/Debug-iphonesimulator/Pods_emojigame.framework"; sourceTree = "<group>"; };
		3732394D1E14405A00F03599 /* AnalyticsSwift.framework */ = {isa = PBXFileReference; lastKnownFileType = wrapper.framework; name = AnalyticsSwift.framework; path = "Pods/../build/Debug-iphoneos/AnalyticsSwift.framework"; sourceTree = "<group>"; };
		3732394F1E14408000F03599 /* AnalyticsSwift.framework */ = {isa = PBXFileReference; lastKnownFileType = wrapper.framework; name = AnalyticsSwift.framework; path = "Pods/../build/Debug-iphoneos/AnalyticsSwift.framework"; sourceTree = "<group>"; };
		373D6D091E16966A00E18D51 /* GoogleService-Info.plist */ = {isa = PBXFileReference; fileEncoding = 4; lastKnownFileType = text.plist.xml; path = "GoogleService-Info.plist"; sourceTree = "<group>"; };
		373D6D0C1E16F53300E18D51 /* home alone.gif */ = {isa = PBXFileReference; lastKnownFileType = image.gif; path = "home alone.gif"; sourceTree = "<group>"; };
		37CE53B71E13FB4D00DD5028 /* the lion king.gif */ = {isa = PBXFileReference; lastKnownFileType = image.gif; path = "the lion king.gif"; sourceTree = "<group>"; };
		37CE53B81E13FB4D00DD5028 /* clueless.gif */ = {isa = PBXFileReference; lastKnownFileType = image.gif; path = clueless.gif; sourceTree = "<group>"; };
		37CE53B91E13FB4D00DD5028 /* all the president's men.gif */ = {isa = PBXFileReference; lastKnownFileType = image.gif; path = "all the president's men.gif"; sourceTree = "<group>"; };
		37CE53BA1E13FB4D00DD5028 /* caddyshack.gif */ = {isa = PBXFileReference; lastKnownFileType = image.gif; path = caddyshack.gif; sourceTree = "<group>"; };
		37CE53BB1E13FB4D00DD5028 /* elf.gif */ = {isa = PBXFileReference; lastKnownFileType = image.gif; path = elf.gif; sourceTree = "<group>"; };
		37CE53BC1E13FB4D00DD5028 /* captain america civil war.gif */ = {isa = PBXFileReference; lastKnownFileType = image.gif; path = "captain america civil war.gif"; sourceTree = "<group>"; };
		37CE53BD1E13FB4D00DD5028 /* the day after tomorrow.gif */ = {isa = PBXFileReference; lastKnownFileType = image.gif; path = "the day after tomorrow.gif"; sourceTree = "<group>"; };
		37CE53BE1E13FB4D00DD5028 /* grand budapest hotel.gif */ = {isa = PBXFileReference; lastKnownFileType = image.gif; path = "grand budapest hotel.gif"; sourceTree = "<group>"; };
		37CE53BF1E13FB4D00DD5028 /* noah.gif */ = {isa = PBXFileReference; lastKnownFileType = image.gif; path = noah.gif; sourceTree = "<group>"; };
		37CE53C01E13FB4D00DD5028 /* legally blonde.gif */ = {isa = PBXFileReference; lastKnownFileType = image.gif; path = "legally blonde.gif"; sourceTree = "<group>"; };
		37CE53C11E13FB4D00DD5028 /* joy.gif */ = {isa = PBXFileReference; lastKnownFileType = image.gif; path = joy.gif; sourceTree = "<group>"; };
		37CE53C21E13FB4D00DD5028 /* little miss sunshine.gif */ = {isa = PBXFileReference; lastKnownFileType = image.gif; path = "little miss sunshine.gif"; sourceTree = "<group>"; };
		37CE53C31E13FB4D00DD5028 /* pretty woman.gif */ = {isa = PBXFileReference; lastKnownFileType = image.gif; path = "pretty woman.gif"; sourceTree = "<group>"; };
		37CE53C41E13FB4D00DD5028 /* rudy.gif */ = {isa = PBXFileReference; lastKnownFileType = image.gif; path = rudy.gif; sourceTree = "<group>"; };
		37CE53C51E13FB4D00DD5028 /* what about bob.gif */ = {isa = PBXFileReference; lastKnownFileType = image.gif; path = "what about bob.gif"; sourceTree = "<group>"; };
		37CE53C61E13FB4D00DD5028 /* risky business.gif */ = {isa = PBXFileReference; lastKnownFileType = image.gif; path = "risky business.gif"; sourceTree = "<group>"; };
		37CE53C71E13FB4D00DD5028 /* groundhog day.gif */ = {isa = PBXFileReference; lastKnownFileType = image.gif; path = "groundhog day.gif"; sourceTree = "<group>"; };
		37CE53C81E13FB4D00DD5028 /* armageddon.gif */ = {isa = PBXFileReference; lastKnownFileType = image.gif; path = armageddon.gif; sourceTree = "<group>"; };
		37CE53C91E13FB4D00DD5028 /* gladiator.gif */ = {isa = PBXFileReference; lastKnownFileType = image.gif; path = gladiator.gif; sourceTree = "<group>"; };
		37CE53CA1E13FB4D00DD5028 /* honey i shrunk the kids.gif */ = {isa = PBXFileReference; lastKnownFileType = image.gif; path = "honey i shrunk the kids.gif"; sourceTree = "<group>"; };
		37CE53CB1E13FB4D00DD5028 /* coming to america.gif */ = {isa = PBXFileReference; lastKnownFileType = image.gif; path = "coming to america.gif"; sourceTree = "<group>"; };
		37CE53CC1E13FB4D00DD5028 /* field of dreams.gif */ = {isa = PBXFileReference; lastKnownFileType = image.gif; path = "field of dreams.gif"; sourceTree = "<group>"; };
		37CE53CD1E13FB4D00DD5028 /* ghost.gif */ = {isa = PBXFileReference; lastKnownFileType = image.gif; path = ghost.gif; sourceTree = "<group>"; };
		37CE53CE1E13FB4D00DD5028 /* con air.gif */ = {isa = PBXFileReference; lastKnownFileType = image.gif; path = "con air.gif"; sourceTree = "<group>"; };
		37CE53CF1E13FB4D00DD5028 /* coyote ugly.gif */ = {isa = PBXFileReference; lastKnownFileType = image.gif; path = "coyote ugly.gif"; sourceTree = "<group>"; };
		37CE53D11E13FB4D00DD5028 /* white men can't jump.gif */ = {isa = PBXFileReference; lastKnownFileType = image.gif; path = "white men can't jump.gif"; sourceTree = "<group>"; };
		37CE53D21E13FB4D00DD5028 /* beverly hills cop.gif */ = {isa = PBXFileReference; lastKnownFileType = image.gif; path = "beverly hills cop.gif"; sourceTree = "<group>"; };
		37CE53D31E13FB4D00DD5028 /* die hard.gif */ = {isa = PBXFileReference; lastKnownFileType = image.gif; path = "die hard.gif"; sourceTree = "<group>"; };
		37CE53D41E13FB4D00DD5028 /* the money pit.gif */ = {isa = PBXFileReference; lastKnownFileType = image.gif; path = "the money pit.gif"; sourceTree = "<group>"; };
		37CE53D51E13FB4D00DD5028 /* point break.gif */ = {isa = PBXFileReference; lastKnownFileType = image.gif; path = "point break.gif"; sourceTree = "<group>"; };
		37CE53D61E13FB4D00DD5028 /* blazing saddles.gif */ = {isa = PBXFileReference; lastKnownFileType = image.gif; path = "blazing saddles.gif"; sourceTree = "<group>"; };
		37CE53D71E13FB4D00DD5028 /* goonies.gif */ = {isa = PBXFileReference; lastKnownFileType = image.gif; path = goonies.gif; sourceTree = "<group>"; };
		37CE53D81E13FB4D00DD5028 /* apollo 13.gif */ = {isa = PBXFileReference; lastKnownFileType = image.gif; path = "apollo 13.gif"; sourceTree = "<group>"; };
		37CE53D91E13FB4D00DD5028 /* the karate kid.gif */ = {isa = PBXFileReference; lastKnownFileType = image.gif; path = "the karate kid.gif"; sourceTree = "<group>"; };
		37CE53DB1E13FB4D00DD5028 /* footloose.gif */ = {isa = PBXFileReference; lastKnownFileType = image.gif; path = footloose.gif; sourceTree = "<group>"; };
		37CE53DC1E13FB4D00DD5028 /* sherlock holmes.gif */ = {isa = PBXFileReference; lastKnownFileType = image.gif; path = "sherlock holmes.gif"; sourceTree = "<group>"; };
		37CE53DD1E13FB4D00DD5028 /* days of thunder.gif */ = {isa = PBXFileReference; lastKnownFileType = image.gif; path = "days of thunder.gif"; sourceTree = "<group>"; };
		37CE53DE1E13FB4D00DD5028 /* hot fuzz.gif */ = {isa = PBXFileReference; lastKnownFileType = image.gif; path = "hot fuzz.gif"; sourceTree = "<group>"; };
		37CE53DF1E13FB4D00DD5028 /* shaun of the dead.gif */ = {isa = PBXFileReference; lastKnownFileType = image.gif; path = "shaun of the dead.gif"; sourceTree = "<group>"; };
		37D2D4971E153B8800D5A9A8 /* contact.gif */ = {isa = PBXFileReference; lastKnownFileType = image.gif; path = contact.gif; sourceTree = "<group>"; };
		396BFF86A83756C07C883845 /* Pods-emojigameTests.debug.xcconfig */ = {isa = PBXFileReference; includeInIndex = 1; lastKnownFileType = text.xcconfig; name = "Pods-emojigameTests.debug.xcconfig"; path = "Pods/Target Support Files/Pods-emojigameTests/Pods-emojigameTests.debug.xcconfig"; sourceTree = "<group>"; };
		585542A64B59979D93B4C209 /* Pods_emojigameTests.framework */ = {isa = PBXFileReference; explicitFileType = wrapper.framework; includeInIndex = 0; path = Pods_emojigameTests.framework; sourceTree = BUILT_PRODUCTS_DIR; };
		660A6F161E0AF1EB005A14BC /* Lato-Black.ttf */ = {isa = PBXFileReference; lastKnownFileType = file; path = "Lato-Black.ttf"; sourceTree = SOURCE_ROOT; };
		660A6F171E0AF1EB005A14BC /* Lato-Bold.ttf */ = {isa = PBXFileReference; lastKnownFileType = file; path = "Lato-Bold.ttf"; sourceTree = SOURCE_ROOT; };
		660A6F181E0AF1EB005A14BC /* Lato-Heavy.ttf */ = {isa = PBXFileReference; lastKnownFileType = file; path = "Lato-Heavy.ttf"; sourceTree = SOURCE_ROOT; };
		660A6F191E0AF1EB005A14BC /* Lato-Light.ttf */ = {isa = PBXFileReference; lastKnownFileType = file; path = "Lato-Light.ttf"; sourceTree = SOURCE_ROOT; };
		660A6F1A1E0AF1EB005A14BC /* Lato-Medium.ttf */ = {isa = PBXFileReference; lastKnownFileType = file; path = "Lato-Medium.ttf"; sourceTree = SOURCE_ROOT; };
		662604B71D6DDFB1001E0424 /* FirstTimeController.swift */ = {isa = PBXFileReference; fileEncoding = 4; lastKnownFileType = sourcecode.swift; name = FirstTimeController.swift; path = emojigame/FirstTimeController.swift; sourceTree = SOURCE_ROOT; };
		662604B91D6DDFBB001E0424 /* FirstTime2Controller.swift */ = {isa = PBXFileReference; fileEncoding = 4; lastKnownFileType = sourcecode.swift; name = FirstTime2Controller.swift; path = emojigame/FirstTime2Controller.swift; sourceTree = SOURCE_ROOT; };
		662FF3A41DF9B3B200761080 /* TwitterKit.framework */ = {isa = PBXFileReference; lastKnownFileType = wrapper.framework; path = TwitterKit.framework; sourceTree = "<group>"; };
		662FF3A51DF9B3B200761080 /* TwitterKitResources.bundle */ = {isa = PBXFileReference; lastKnownFileType = "wrapper.plug-in"; name = TwitterKitResources.bundle; path = TwitterKit.framework/Versions/A/Resources/TwitterKitResources.bundle; sourceTree = "<group>"; };
		662FF3A61DF9B3B200761080 /* TwitterCore.framework */ = {isa = PBXFileReference; lastKnownFileType = wrapper.framework; path = TwitterCore.framework; sourceTree = "<group>"; };
		66374B571D2EFF58007024B1 /* emojigame.app */ = {isa = PBXFileReference; explicitFileType = wrapper.application; includeInIndex = 0; path = emojigame.app; sourceTree = BUILT_PRODUCTS_DIR; };
		66374B6B1D2EFF58007024B1 /* emojigame.xctest */ = {isa = PBXFileReference; explicitFileType = wrapper.cfbundle; includeInIndex = 0; path = emojigame.xctest; sourceTree = BUILT_PRODUCTS_DIR; };
		66374B761D2EFF58007024B1 /* emojigame.xctest */ = {isa = PBXFileReference; explicitFileType = wrapper.cfbundle; includeInIndex = 0; path = emojigame.xctest; sourceTree = BUILT_PRODUCTS_DIR; };
		66374B881D2F007D007024B1 /* Scratchpad.playground */ = {isa = PBXFileReference; lastKnownFileType = file.playground; path = Scratchpad.playground; sourceTree = "<group>"; };
		66487E701E072E7D001EA15A /* ButtonCell.swift */ = {isa = PBXFileReference; fileEncoding = 4; lastKnownFileType = sourcecode.swift; name = ButtonCell.swift; path = emojigame/ButtonCell.swift; sourceTree = SOURCE_ROOT; };
		665296391E00580C00854403 /* MovieListController.swift */ = {isa = PBXFileReference; fileEncoding = 4; lastKnownFileType = sourcecode.swift; name = MovieListController.swift; path = emojigame/MovieListController.swift; sourceTree = SOURCE_ROOT; };
		666765661D7267C4001A3872 /* GameKit.framework */ = {isa = PBXFileReference; lastKnownFileType = wrapper.framework; name = GameKit.framework; path = System/Library/Frameworks/GameKit.framework; sourceTree = SDKROOT; };
		666765681D7267C9001A3872 /* SystemConfiguration.framework */ = {isa = PBXFileReference; lastKnownFileType = wrapper.framework; name = SystemConfiguration.framework; path = System/Library/Frameworks/SystemConfiguration.framework; sourceTree = SDKROOT; };
		66695A3F1D3CFEDF008FEA44 /* ViewController.swift */ = {isa = PBXFileReference; fileEncoding = 4; lastKnownFileType = sourcecode.swift; name = ViewController.swift; path = emojigame/ViewController.swift; sourceTree = SOURCE_ROOT; };
		66695A411D3CFEDF008FEA44 /* AppDelegate.swift */ = {isa = PBXFileReference; fileEncoding = 4; lastKnownFileType = sourcecode.swift; name = AppDelegate.swift; path = emojigame/AppDelegate.swift; sourceTree = SOURCE_ROOT; };
		66695A421D3CFEDF008FEA44 /* Info.plist */ = {isa = PBXFileReference; fileEncoding = 4; lastKnownFileType = text.plist.xml; name = Info.plist; path = emojigame/Info.plist; sourceTree = SOURCE_ROOT; };
		66695A431D3CFEDF008FEA44 /* Assets.xcassets */ = {isa = PBXFileReference; lastKnownFileType = folder.assetcatalog; name = Assets.xcassets; path = emojigame/Assets.xcassets; sourceTree = SOURCE_ROOT; };
		6691FD4B1DF8FD150015BA00 /* GoogleService-Info.plist */ = {isa = PBXFileReference; fileEncoding = 4; lastKnownFileType = text.plist.xml; path = "GoogleService-Info.plist"; sourceTree = "<group>"; };
		6695A05A1D71A47400DE855F /* StringScore.swift */ = {isa = PBXFileReference; fileEncoding = 4; lastKnownFileType = sourcecode.swift; path = StringScore.swift; sourceTree = SOURCE_ROOT; };
		669656441D5B59F8002B516C /* Podfile.lock */ = {isa = PBXFileReference; lastKnownFileType = text; path = Podfile.lock; sourceTree = "<group>"; };
		669656451D5B59F8002B516C /* Podfile */ = {isa = PBXFileReference; lastKnownFileType = text; path = Podfile; sourceTree = "<group>"; xcLanguageSpecificationIdentifier = xcode.lang.ruby; };
		6697E20A1DF838FF00542F8C /* OMDBAPIController.swift */ = {isa = PBXFileReference; fileEncoding = 4; lastKnownFileType = sourcecode.swift; path = OMDBAPIController.swift; sourceTree = SOURCE_ROOT; };
		669FAC621D3D02ED00C92433 /* Base */ = {isa = PBXFileReference; lastKnownFileType = file.storyboard; name = Base; path = emojigame/Base.lproj/LaunchScreen.storyboard; sourceTree = "<group>"; };
		669FAC641D3D02ED00C92433 /* Base */ = {isa = PBXFileReference; lastKnownFileType = file.storyboard; name = Base; path = emojigame/Base.lproj/Main.storyboard; sourceTree = "<group>"; };
		66B3F9A31E0A15DD00077ADD /* Emojisodes.entitlements */ = {isa = PBXFileReference; lastKnownFileType = text.plist.entitlements; path = Emojisodes.entitlements; sourceTree = "<group>"; };
		66BDC9BD1DF9AC9C0018D8B7 /* Fabric.framework */ = {isa = PBXFileReference; lastKnownFileType = wrapper.framework; path = Fabric.framework; sourceTree = "<group>"; };
		66BDC9BE1DF9AC9C0018D8B7 /* Crashlytics.framework */ = {isa = PBXFileReference; lastKnownFileType = wrapper.framework; path = Crashlytics.framework; sourceTree = "<group>"; };
		66CAD61F1E03FC0900FF3078 /* emojigame.entitlements */ = {isa = PBXFileReference; lastKnownFileType = text.plist.entitlements; name = emojigame.entitlements; path = emojigame/emojigame.entitlements; sourceTree = SOURCE_ROOT; };
		66CAD6251E03FDCE00FF3078 /* Messages.framework */ = {isa = PBXFileReference; lastKnownFileType = wrapper.framework; name = Messages.framework; path = System/Library/Frameworks/Messages.framework; sourceTree = SDKROOT; };
		66D06F701E08C8BA008ACB40 /* Emojisodes.appex */ = {isa = PBXFileReference; explicitFileType = "wrapper.app-extension"; includeInIndex = 0; path = Emojisodes.appex; sourceTree = BUILT_PRODUCTS_DIR; };
		66D06F731E08C8BA008ACB40 /* MessagesViewController.swift */ = {isa = PBXFileReference; lastKnownFileType = sourcecode.swift; path = MessagesViewController.swift; sourceTree = "<group>"; };
		66D06F761E08C8BA008ACB40 /* Base */ = {isa = PBXFileReference; lastKnownFileType = file.storyboard; name = Base; path = Base.lproj/MainInterface.storyboard; sourceTree = "<group>"; };
		66D06F781E08C8BA008ACB40 /* Assets.xcassets */ = {isa = PBXFileReference; lastKnownFileType = folder.assetcatalog; path = Assets.xcassets; sourceTree = "<group>"; };
		66D06F7A1E08C8BA008ACB40 /* Info.plist */ = {isa = PBXFileReference; lastKnownFileType = text.plist.xml; path = Info.plist; sourceTree = "<group>"; };
		66D06F811E08CA62008ACB40 /* EmojisodesStickersViewController.swift */ = {isa = PBXFileReference; fileEncoding = 4; lastKnownFileType = sourcecode.swift; path = EmojisodesStickersViewController.swift; sourceTree = "<group>"; };
		66D06FC21E094DF0008ACB40 /* demolition man.gif */ = {isa = PBXFileReference; lastKnownFileType = image.gif; path = "demolition man.gif"; sourceTree = "<group>"; };
		66D06FC31E094DF0008ACB40 /* the net.gif */ = {isa = PBXFileReference; lastKnownFileType = image.gif; path = "the net.gif"; sourceTree = "<group>"; };
		66D06FC71E0956B3008ACB40 /* GoogleToolboxForMac.framework */ = {isa = PBXFileReference; lastKnownFileType = wrapper.framework; name = GoogleToolboxForMac.framework; path = "../Library/Developer/Xcode/DerivedData/emojigame-doeqvqscdfexrpdywczrmsbfhgoz/Build/Products/Debug-iphonesimulator/GoogleToolboxForMac/GoogleToolboxForMac.framework"; sourceTree = "<group>"; };
		66D06FC81E0956B3008ACB40 /* GTMSessionFetcher.framework */ = {isa = PBXFileReference; lastKnownFileType = wrapper.framework; name = GTMSessionFetcher.framework; path = "../Library/Developer/Xcode/DerivedData/emojigame-doeqvqscdfexrpdywczrmsbfhgoz/Build/Products/Debug-iphonesimulator/GTMSessionFetcher/GTMSessionFetcher.framework"; sourceTree = "<group>"; };
		66DE19BD1D524317001E589B /* AddMovieController.swift */ = {isa = PBXFileReference; fileEncoding = 4; lastKnownFileType = sourcecode.swift; path = AddMovieController.swift; sourceTree = SOURCE_ROOT; };
		66DE19BF1D5245A2001E589B /* Movies.swift */ = {isa = PBXFileReference; fileEncoding = 4; lastKnownFileType = sourcecode.swift; path = Movies.swift; sourceTree = SOURCE_ROOT; };
		66DE19C11D524737001E589B /* Users.swift */ = {isa = PBXFileReference; fileEncoding = 4; lastKnownFileType = sourcecode.swift; path = Users.swift; sourceTree = SOURCE_ROOT; };
		66EB93D41D329BF90081FF4F /* SwiftPlayground.playground */ = {isa = PBXFileReference; lastKnownFileType = file.playground; path = SwiftPlayground.playground; sourceTree = "<group>"; };
		66F8FD5D1D5B5CCD0027E031 /* LoginController.swift */ = {isa = PBXFileReference; fileEncoding = 4; lastKnownFileType = sourcecode.swift; path = LoginController.swift; sourceTree = SOURCE_ROOT; };
		66F8FD651D6CE20A0027E031 /* ProfileController.swift */ = {isa = PBXFileReference; fileEncoding = 4; lastKnownFileType = sourcecode.swift; name = ProfileController.swift; path = emojigame/ProfileController.swift; sourceTree = SOURCE_ROOT; };
		7F7E599ED5A78AE76F78C8E5 /* Pods_emojigameUITests.framework */ = {isa = PBXFileReference; explicitFileType = wrapper.framework; includeInIndex = 0; path = Pods_emojigameUITests.framework; sourceTree = BUILT_PRODUCTS_DIR; };
		83B4767F631DB37143FB79FC /* Pods-emojigameTests.release.xcconfig */ = {isa = PBXFileReference; includeInIndex = 1; lastKnownFileType = text.xcconfig; name = "Pods-emojigameTests.release.xcconfig"; path = "Pods/Target Support Files/Pods-emojigameTests/Pods-emojigameTests.release.xcconfig"; sourceTree = "<group>"; };
		93AEC1F590FA126D6F68B298 /* Pods-emojigameUITests.release.xcconfig */ = {isa = PBXFileReference; includeInIndex = 1; lastKnownFileType = text.xcconfig; name = "Pods-emojigameUITests.release.xcconfig"; path = "Pods/Target Support Files/Pods-emojigameUITests/Pods-emojigameUITests.release.xcconfig"; sourceTree = "<group>"; };
		C02BCD1D7CB2844526C26F06 /* Pods-emojigame-Emojisodes.debug.xcconfig */ = {isa = PBXFileReference; includeInIndex = 1; lastKnownFileType = text.xcconfig; name = "Pods-emojigame-Emojisodes.debug.xcconfig"; path = "Pods/Target Support Files/Pods-emojigame-Emojisodes/Pods-emojigame-Emojisodes.debug.xcconfig"; sourceTree = "<group>"; };
/* End PBXFileReference section */

/* Begin PBXFrameworksBuildPhase section */
		66374B541D2EFF58007024B1 /* Frameworks */ = {
			isa = PBXFrameworksBuildPhase;
			buildActionMask = 2147483647;
			files = (
				373239501E14408000F03599 /* AnalyticsSwift.framework in Frameworks */,
				662FF3A71DF9B3B200761080 /* TwitterKit.framework in Frameworks */,
				662FF3A91DF9B3B200761080 /* TwitterCore.framework in Frameworks */,
				666765671D7267C4001A3872 /* GameKit.framework in Frameworks */,
				66BDC9BF1DF9AC9C0018D8B7 /* Fabric.framework in Frameworks */,
				66BDC9C01DF9AC9C0018D8B7 /* Crashlytics.framework in Frameworks */,
				AB91B5D35539E6B0AE52E85C /* Pods_emojigame.framework in Frameworks */,
			);
			runOnlyForDeploymentPostprocessing = 0;
		};
		66374B681D2EFF58007024B1 /* Frameworks */ = {
			isa = PBXFrameworksBuildPhase;
			buildActionMask = 2147483647;
			files = (
				1F962A2AC477CB7C72768F96 /* Pods_emojigameTests.framework in Frameworks */,
			);
			runOnlyForDeploymentPostprocessing = 0;
		};
		66374B731D2EFF58007024B1 /* Frameworks */ = {
			isa = PBXFrameworksBuildPhase;
			buildActionMask = 2147483647;
			files = (
				344B2A1DEFE9EC1D7B78AE85 /* Pods_emojigameUITests.framework in Frameworks */,
			);
			runOnlyForDeploymentPostprocessing = 0;
		};
		66D06F6D1E08C8BA008ACB40 /* Frameworks */ = {
			isa = PBXFrameworksBuildPhase;
			buildActionMask = 2147483647;
			files = (
				3719A66B1E14859700644F09 /* Pods_emojigame.framework in Frameworks */,
				3732394E1E14405A00F03599 /* AnalyticsSwift.framework in Frameworks */,
				66D06F711E08C8BA008ACB40 /* Messages.framework in Frameworks */,
				4818E6306E4CFFF7240DA659 /* Pods_emojigame_Emojisodes.framework in Frameworks */,
			);
			runOnlyForDeploymentPostprocessing = 0;
		};
/* End PBXFrameworksBuildPhase section */

/* Begin PBXGroup section */
		660A6F151E0AF1A4005A14BC /* Supporting Files */ = {
			isa = PBXGroup;
			children = (
				660A6F161E0AF1EB005A14BC /* Lato-Black.ttf */,
				660A6F171E0AF1EB005A14BC /* Lato-Bold.ttf */,
				660A6F181E0AF1EB005A14BC /* Lato-Heavy.ttf */,
				660A6F191E0AF1EB005A14BC /* Lato-Light.ttf */,
				660A6F1A1E0AF1EB005A14BC /* Lato-Medium.ttf */,
			);
			name = "Supporting Files";
			sourceTree = "<group>";
		};
		66374B4E1D2EFF58007024B1 = {
			isa = PBXGroup;
			children = (
				669656441D5B59F8002B516C /* Podfile.lock */,
				669656451D5B59F8002B516C /* Podfile */,
				6691FD4B1DF8FD150015BA00 /* GoogleService-Info.plist */,
				669FAC611D3D02ED00C92433 /* LaunchScreen.storyboard */,
				669FAC631D3D02ED00C92433 /* Main.storyboard */,
				66374B591D2EFF58007024B1 /* Emojisodes-App */,
				66374B891D2F008D007024B1 /* Playgrounds */,
				66374B6E1D2EFF58007024B1 /* emojigame Tests */,
				66374B791D2EFF58007024B1 /* emojigame UITests */,
				66D06F721E08C8BA008ACB40 /* iMessage Extension */,
				66374B581D2EFF58007024B1 /* Products */,
				DFAD4520B08515FDCBEEE858 /* Pods */,
				9125B2BA5E2246347F499BB2 /* Frameworks */,
			);
			sourceTree = "<group>";
		};
		66374B581D2EFF58007024B1 /* Products */ = {
			isa = PBXGroup;
			children = (
				66374B571D2EFF58007024B1 /* emojigame.app */,
				66374B6B1D2EFF58007024B1 /* emojigame.xctest */,
				66374B761D2EFF58007024B1 /* emojigame.xctest */,
				66D06F701E08C8BA008ACB40 /* Emojisodes.appex */,
			);
			name = Products;
			sourceTree = "<group>";
		};
		66374B591D2EFF58007024B1 /* Emojisodes-App */ = {
			isa = PBXGroup;
			children = (
				660A6F151E0AF1A4005A14BC /* Supporting Files */,
				66CAD61F1E03FC0900FF3078 /* emojigame.entitlements */,
				66DE19C31D524AC9001E589B /* Models */,
				66695A431D3CFEDF008FEA44 /* Assets.xcassets */,
				66695A3F1D3CFEDF008FEA44 /* ViewController.swift */,
				66DE19BD1D524317001E589B /* AddMovieController.swift */,
				665296391E00580C00854403 /* MovieListController.swift */,
				66F8FD5D1D5B5CCD0027E031 /* LoginController.swift */,
				66695A411D3CFEDF008FEA44 /* AppDelegate.swift */,
				66695A421D3CFEDF008FEA44 /* Info.plist */,
				66F8FD651D6CE20A0027E031 /* ProfileController.swift */,
				662604B71D6DDFB1001E0424 /* FirstTimeController.swift */,
				662604B91D6DDFBB001E0424 /* FirstTime2Controller.swift */,
				6695A05A1D71A47400DE855F /* StringScore.swift */,
				6697E20A1DF838FF00542F8C /* OMDBAPIController.swift */,
				66487E701E072E7D001EA15A /* ButtonCell.swift */,
			);
			name = "Emojisodes-App";
			path = "Fun Facts";
			sourceTree = "<group>";
		};
		66374B6E1D2EFF58007024B1 /* emojigame Tests */ = {
			isa = PBXGroup;
			children = (
			);
			name = "emojigame Tests";
			path = "Fun FactsTests";
			sourceTree = "<group>";
		};
		66374B791D2EFF58007024B1 /* emojigame UITests */ = {
			isa = PBXGroup;
			children = (
			);
			name = "emojigame UITests";
			path = "Fun FactsUITests";
			sourceTree = "<group>";
		};
		66374B891D2F008D007024B1 /* Playgrounds */ = {
			isa = PBXGroup;
			children = (
				66374B881D2F007D007024B1 /* Scratchpad.playground */,
				66EB93D41D329BF90081FF4F /* SwiftPlayground.playground */,
			);
			name = Playgrounds;
			sourceTree = "<group>";
		};
		66D06F721E08C8BA008ACB40 /* iMessage Extension */ = {
			isa = PBXGroup;
			children = (
				66D06FC11E094DF0008ACB40 /* StickerGIFs */,
				66B3F9A31E0A15DD00077ADD /* Emojisodes.entitlements */,
				66D06F731E08C8BA008ACB40 /* MessagesViewController.swift */,
				66D06F751E08C8BA008ACB40 /* MainInterface.storyboard */,
				66D06F781E08C8BA008ACB40 /* Assets.xcassets */,
				373D6D091E16966A00E18D51 /* GoogleService-Info.plist */,
				66D06F7A1E08C8BA008ACB40 /* Info.plist */,
				66D06F811E08CA62008ACB40 /* EmojisodesStickersViewController.swift */,
			);
			name = "iMessage Extension";
			path = Emojisodes;
			sourceTree = "<group>";
		};
		66D06FC11E094DF0008ACB40 /* StickerGIFs */ = {
			isa = PBXGroup;
			children = (
				37D2D4971E153B8800D5A9A8 /* contact.gif */,
				3702CF731E115A8400599040 /* ace ventura pet detective.gif */,
				37CE53B91E13FB4D00DD5028 /* all the president's men.gif */,
				37CE53D81E13FB4D00DD5028 /* apollo 13.gif */,
				37CE53C81E13FB4D00DD5028 /* armageddon.gif */,
				3702CF631E11565D00599040 /* back to the future.gif */,
				37CE53D21E13FB4D00DD5028 /* beverly hills cop.gif */,
				3702CF751E115A8400599040 /* big.gif */,
				37CE53D61E13FB4D00DD5028 /* blazing saddles.gif */,
				37CE53BA1E13FB4D00DD5028 /* caddyshack.gif */,
				37CE53BC1E13FB4D00DD5028 /* captain america civil war.gif */,
				37CE53B81E13FB4D00DD5028 /* clueless.gif */,
				37CE53CB1E13FB4D00DD5028 /* coming to america.gif */,
				37CE53CE1E13FB4D00DD5028 /* con air.gif */,
				37CE53CF1E13FB4D00DD5028 /* coyote ugly.gif */,
				37CE53DD1E13FB4D00DD5028 /* days of thunder.gif */,
				66D06FC21E094DF0008ACB40 /* demolition man.gif */,
				37CE53D31E13FB4D00DD5028 /* die hard.gif */,
				3702CF811E116F7500599040 /* dirty dancing.gif */,
				37CE53BB1E13FB4D00DD5028 /* elf.gif */,
				373D6D0C1E16F53300E18D51 /* home alone.gif */,
				3702CF741E115A8400599040 /* face off.gif */,
				3702CF7C1E116F7500599040 /* father of the bride.gif */,
				3702CF641E11565D00599040 /* ferris bueller's day off.gif */,
				37CE53CC1E13FB4D00DD5028 /* field of dreams.gif */,
				37CE53DB1E13FB4D00DD5028 /* footloose.gif */,
				3702CF5E1E11565D00599040 /* forrest gump.gif */,
				37CE53CD1E13FB4D00DD5028 /* ghost.gif */,
				3702CF821E116F7500599040 /* ghostbusters.gif */,
				37CE53C91E13FB4D00DD5028 /* gladiator.gif */,
				37CE53D71E13FB4D00DD5028 /* goonies.gif */,
				37CE53BE1E13FB4D00DD5028 /* grand budapest hotel.gif */,
				37CE53C71E13FB4D00DD5028 /* groundhog day.gif */,
				3702CF8E1E12AFCC00599040 /* happy gilmore.gif */,
				37CE53CA1E13FB4D00DD5028 /* honey i shrunk the kids.gif */,
				37CE53DE1E13FB4D00DD5028 /* hot fuzz.gif */,
				3702CF5C1E11565D00599040 /* inception.gif */,
				37CE53C11E13FB4D00DD5028 /* joy.gif */,
				3702CF721E115A8400599040 /* kindergarten cop.gif */,
				37CE53C01E13FB4D00DD5028 /* legally blonde.gif */,
				37CE53C21E13FB4D00DD5028 /* little miss sunshine.gif */,
				3702CF7D1E116F7500599040 /* my big fat greek wedding.gif */,
				3702CF7F1E116F7500599040 /* national treasure.gif */,
				37CE53BF1E13FB4D00DD5028 /* noah.gif */,
				37CE53D51E13FB4D00DD5028 /* point break.gif */,
				3702CF581E11518F00599040 /* poltergeist.gif */,
				37CE53C31E13FB4D00DD5028 /* pretty woman.gif */,
				3702CF561E11506800599040 /* psycho.gif */,
				3702CF701E115A8400599040 /* pulp fiction.gif */,
				37CE53C61E13FB4D00DD5028 /* risky business.gif */,
				37CE53C41E13FB4D00DD5028 /* rudy.gif */,
				3702CF601E11565D00599040 /* se7en.gif */,
				37CE53DF1E13FB4D00DD5028 /* shaun of the dead.gif */,
				37CE53DC1E13FB4D00DD5028 /* sherlock holmes.gif */,
				3702CF801E116F7500599040 /* sherlock holmes.jpg */,
				3702CF5F1E11565D00599040 /* spider-man.gif */,
				3702CF7E1E116F7500599040 /* the dark knight.gif */,
				37CE53BD1E13FB4D00DD5028 /* the day after tomorrow.gif */,
				37CE53D91E13FB4D00DD5028 /* the karate kid.gif */,
				37CE53B71E13FB4D00DD5028 /* the lion king.gif */,
				3702CF841E116F7500599040 /* the matrix.gif */,
				37CE53D41E13FB4D00DD5028 /* the money pit.gif */,
				66D06FC31E094DF0008ACB40 /* the net.gif */,
				3702CF651E11565D00599040 /* the shawshank redemption.gif */,
				3702CF621E11565D00599040 /* the three amigos.gif */,
				3702CF831E116F7500599040 /* the usual suspects.gif */,
				3702CF711E115A8400599040 /* the wizard of oz.gif */,
				3702CF5D1E11565D00599040 /* thor.gif */,
				3702CF611E11565D00599040 /* wall-e.gif */,
				37CE53C51E13FB4D00DD5028 /* what about bob.gif */,
				37CE53D11E13FB4D00DD5028 /* white men can't jump.gif */,
				3702CF5A1E1151CC00599040 /* you've got mail.gif */,
			);
			name = StickerGIFs;
			path = ../StickerGIFs;
			sourceTree = "<group>";
		};
		66DE19C31D524AC9001E589B /* Models */ = {
			isa = PBXGroup;
			children = (
				66DE19BF1D5245A2001E589B /* Movies.swift */,
				66DE19C11D524737001E589B /* Users.swift */,
			);
			name = Models;
			sourceTree = "<group>";
		};
		9125B2BA5E2246347F499BB2 /* Frameworks */ = {
			isa = PBXGroup;
			children = (
				3719A66A1E14859700644F09 /* Pods_emojigame.framework */,
				3732394F1E14408000F03599 /* AnalyticsSwift.framework */,
				3732394D1E14405A00F03599 /* AnalyticsSwift.framework */,
				66D06FC71E0956B3008ACB40 /* GoogleToolboxForMac.framework */,
				66D06FC81E0956B3008ACB40 /* GTMSessionFetcher.framework */,
				662FF3A41DF9B3B200761080 /* TwitterKit.framework */,
				662FF3A51DF9B3B200761080 /* TwitterKitResources.bundle */,
				662FF3A61DF9B3B200761080 /* TwitterCore.framework */,
				66BDC9BD1DF9AC9C0018D8B7 /* Fabric.framework */,
				66BDC9BE1DF9AC9C0018D8B7 /* Crashlytics.framework */,
				666765681D7267C9001A3872 /* SystemConfiguration.framework */,
				666765661D7267C4001A3872 /* GameKit.framework */,
				66CAD6251E03FDCE00FF3078 /* Messages.framework */,
				1D06AC990B5B0E3F0426942B /* Pods_emojigame.framework */,
				26E484E61D0C3480FB41255C /* Pods_emojigame_Emojisodes.framework */,
				585542A64B59979D93B4C209 /* Pods_emojigameTests.framework */,
				7F7E599ED5A78AE76F78C8E5 /* Pods_emojigameUITests.framework */,
			);
			name = Frameworks;
			sourceTree = "<group>";
		};
		DFAD4520B08515FDCBEEE858 /* Pods */ = {
			isa = PBXGroup;
			children = (
				2A73B11DAB20B9FCFBBDDA8B /* Pods-emojigame.debug.xcconfig */,
				2B84D334BF9C1FFD10019471 /* Pods-emojigame.release.xcconfig */,
				C02BCD1D7CB2844526C26F06 /* Pods-emojigame-Emojisodes.debug.xcconfig */,
				20DFF87D37776CEAD79F3CA7 /* Pods-emojigame-Emojisodes.release.xcconfig */,
				396BFF86A83756C07C883845 /* Pods-emojigameTests.debug.xcconfig */,
				83B4767F631DB37143FB79FC /* Pods-emojigameTests.release.xcconfig */,
				0FC8386ED49E588FB99AAD01 /* Pods-emojigameUITests.debug.xcconfig */,
				93AEC1F590FA126D6F68B298 /* Pods-emojigameUITests.release.xcconfig */,
			);
			name = Pods;
			sourceTree = "<group>";
		};
/* End PBXGroup section */

/* Begin PBXNativeTarget section */
		66374B561D2EFF58007024B1 /* emojigame */ = {
			isa = PBXNativeTarget;
			buildConfigurationList = 66374B7F1D2EFF58007024B1 /* Build configuration list for PBXNativeTarget "emojigame" */;
			buildPhases = (
				0D6F797A79132F024C85C471 /* [CP] Check Pods Manifest.lock */,
				66374B531D2EFF58007024B1 /* Sources */,
				66374B541D2EFF58007024B1 /* Frameworks */,
				66374B551D2EFF58007024B1 /* Resources */,
				66EB93D51D3599D00081FF4F /* ShellScript */,
				03BF160BF2B9C5B471FE3EA8 /* [CP] Embed Pods Frameworks */,
				5D40B820B6BAB537326DC9E9 /* [CP] Copy Pods Resources */,
				66D1A5101DF91154002AA6BD /* Embed Frameworks */,
				668E58311E02A462009BAC46 /* Embed App Extensions */,
			);
			buildRules = (
			);
			dependencies = (
				66D06F7C1E08C8BA008ACB40 /* PBXTargetDependency */,
			);
			name = emojigame;
			productName = "Fun Facts";
			productReference = 66374B571D2EFF58007024B1 /* emojigame.app */;
			productType = "com.apple.product-type.application";
		};
		66374B6A1D2EFF58007024B1 /* emojigameTests */ = {
			isa = PBXNativeTarget;
			buildConfigurationList = 66374B821D2EFF58007024B1 /* Build configuration list for PBXNativeTarget "emojigameTests" */;
			buildPhases = (
				2F3E68202A4B48550EF0EA17 /* [CP] Check Pods Manifest.lock */,
				66374B671D2EFF58007024B1 /* Sources */,
				66374B681D2EFF58007024B1 /* Frameworks */,
				66374B691D2EFF58007024B1 /* Resources */,
				DF423CB2963872BF745782D0 /* [CP] Embed Pods Frameworks */,
				6CFD84DC8B87AA727F0092E8 /* [CP] Copy Pods Resources */,
			);
			buildRules = (
			);
			dependencies = (
				66374B6D1D2EFF58007024B1 /* PBXTargetDependency */,
			);
			name = emojigameTests;
			productName = "Fun FactsTests";
			productReference = 66374B6B1D2EFF58007024B1 /* emojigame.xctest */;
			productType = "com.apple.product-type.bundle.unit-test";
		};
		66374B751D2EFF58007024B1 /* emojigameUITests */ = {
			isa = PBXNativeTarget;
			buildConfigurationList = 66374B851D2EFF58007024B1 /* Build configuration list for PBXNativeTarget "emojigameUITests" */;
			buildPhases = (
				ADBB5F57E6BC1204D6FF7392 /* [CP] Check Pods Manifest.lock */,
				66374B721D2EFF58007024B1 /* Sources */,
				66374B731D2EFF58007024B1 /* Frameworks */,
				66374B741D2EFF58007024B1 /* Resources */,
				B53FAF6DF82E35F03F91F621 /* [CP] Copy Pods Resources */,
				3748CB4B263C1C937264447F /* [CP] Embed Pods Frameworks */,
			);
			buildRules = (
			);
			dependencies = (
				66374B781D2EFF58007024B1 /* PBXTargetDependency */,
			);
			name = emojigameUITests;
			productName = "Fun FactsUITests";
			productReference = 66374B761D2EFF58007024B1 /* emojigame.xctest */;
			productType = "com.apple.product-type.bundle.ui-testing";
		};
		66D06F6F1E08C8BA008ACB40 /* Emojisodes */ = {
			isa = PBXNativeTarget;
			buildConfigurationList = 66D06F801E08C8BA008ACB40 /* Build configuration list for PBXNativeTarget "Emojisodes" */;
			buildPhases = (
				95324E31E6FAB94456E7767D /* [CP] Check Pods Manifest.lock */,
				66D06F6C1E08C8BA008ACB40 /* Sources */,
				66D06F6D1E08C8BA008ACB40 /* Frameworks */,
				66D06F6E1E08C8BA008ACB40 /* Resources */,
				244DCE7E7B869FAB3EECCE10 /* [CP] Copy Pods Resources */,
			);
			buildRules = (
			);
			dependencies = (
			);
			name = Emojisodes;
			productName = Emojisodes;
			productReference = 66D06F701E08C8BA008ACB40 /* Emojisodes.appex */;
			productType = "com.apple.product-type.app-extension.messages";
		};
/* End PBXNativeTarget section */

/* Begin PBXProject section */
		66374B4F1D2EFF58007024B1 /* Project object */ = {
			isa = PBXProject;
			attributes = {
				LastSwiftUpdateCheck = 0810;
				LastUpgradeCheck = 0730;
				ORGANIZATIONNAME = "Adam Sigel";
				TargetAttributes = {
					66374B561D2EFF58007024B1 = {
						CreatedOnToolsVersion = 7.3.1;
						DevelopmentTeam = 3KF5MT5476;
						LastSwiftMigration = 0800;
						ProvisioningStyle = Automatic;
						SystemCapabilities = {
							com.apple.ApplicationGroups.iOS = {
								enabled = 1;
							};
							com.apple.BackgroundModes = {
								enabled = 1;
							};
							com.apple.Push = {
								enabled = 1;
							};
						};
					};
					66374B6A1D2EFF58007024B1 = {
						CreatedOnToolsVersion = 7.3.1;
						LastSwiftMigration = 0800;
						TestTargetID = 66374B561D2EFF58007024B1;
					};
					66374B751D2EFF58007024B1 = {
						CreatedOnToolsVersion = 7.3.1;
						LastSwiftMigration = 0800;
						TestTargetID = 66374B561D2EFF58007024B1;
					};
					66D06F6F1E08C8BA008ACB40 = {
						CreatedOnToolsVersion = 8.1;
						DevelopmentTeam = 3KF5MT5476;
						ProvisioningStyle = Automatic;
						SystemCapabilities = {
							com.apple.ApplicationGroups.iOS = {
								enabled = 1;
							};
						};
					};
				};
			};
			buildConfigurationList = 66374B521D2EFF58007024B1 /* Build configuration list for PBXProject "emojigame" */;
			compatibilityVersion = "Xcode 3.2";
			developmentRegion = English;
			hasScannedForEncodings = 0;
			knownRegions = (
				en,
				Base,
			);
			mainGroup = 66374B4E1D2EFF58007024B1;
			productRefGroup = 66374B581D2EFF58007024B1 /* Products */;
			projectDirPath = "";
			projectRoot = "";
			targets = (
				66374B561D2EFF58007024B1 /* emojigame */,
				66374B6A1D2EFF58007024B1 /* emojigameTests */,
				66374B751D2EFF58007024B1 /* emojigameUITests */,
				66D06F6F1E08C8BA008ACB40 /* Emojisodes */,
			);
		};
/* End PBXProject section */

/* Begin PBXResourcesBuildPhase section */
		66374B551D2EFF58007024B1 /* Resources */ = {
			isa = PBXResourcesBuildPhase;
			buildActionMask = 2147483647;
			files = (
				660A6F1D1E0AF1EB005A14BC /* Lato-Heavy.ttf in Resources */,
				660A6F1F1E0AF1EB005A14BC /* Lato-Medium.ttf in Resources */,
				669656461D5B59F8002B516C /* Podfile.lock in Resources */,
				662FF3A81DF9B3B200761080 /* TwitterKitResources.bundle in Resources */,
				660A6F1E1E0AF1EB005A14BC /* Lato-Light.ttf in Resources */,
				669656471D5B59F8002B516C /* Podfile in Resources */,
				669FAC651D3D02ED00C92433 /* LaunchScreen.storyboard in Resources */,
				660A6F1B1E0AF1EB005A14BC /* Lato-Black.ttf in Resources */,
				669FAC661D3D02ED00C92433 /* Main.storyboard in Resources */,
				373D6D0D1E16F53300E18D51 /* home alone.gif in Resources */,
				66695A4A1D3CFEDF008FEA44 /* Assets.xcassets in Resources */,
				660A6F1C1E0AF1EB005A14BC /* Lato-Bold.ttf in Resources */,
				6691FD4C1DF8FD150015BA00 /* GoogleService-Info.plist in Resources */,
			);
			runOnlyForDeploymentPostprocessing = 0;
		};
		66374B691D2EFF58007024B1 /* Resources */ = {
			isa = PBXResourcesBuildPhase;
			buildActionMask = 2147483647;
			files = (
			);
			runOnlyForDeploymentPostprocessing = 0;
		};
		66374B741D2EFF58007024B1 /* Resources */ = {
			isa = PBXResourcesBuildPhase;
			buildActionMask = 2147483647;
			files = (
			);
			runOnlyForDeploymentPostprocessing = 0;
		};
		66D06F6E1E08C8BA008ACB40 /* Resources */ = {
			isa = PBXResourcesBuildPhase;
			buildActionMask = 2147483647;
			files = (
				3702CF571E11506800599040 /* psycho.gif in Resources */,
				37CE54051E13FB4E00DD5028 /* sherlock holmes.gif in Resources */,
				37CE53F51E13FB4E00DD5028 /* field of dreams.gif in Resources */,
				37CE53FE1E13FB4E00DD5028 /* point break.gif in Resources */,
				66D06F791E08C8BA008ACB40 /* Assets.xcassets in Resources */,
				37CE53E71E13FB4E00DD5028 /* grand budapest hotel.gif in Resources */,
				37CE53EF1E13FB4E00DD5028 /* risky business.gif in Resources */,
				37CE53FD1E13FB4E00DD5028 /* the money pit.gif in Resources */,
				3702CF6F1E11565D00599040 /* the shawshank redemption.gif in Resources */,
				3702CF661E11565D00599040 /* inception.gif in Resources */,
				37CE53EB1E13FB4E00DD5028 /* little miss sunshine.gif in Resources */,
				3702CF861E116F7500599040 /* my big fat greek wedding.gif in Resources */,
				37CE53FF1E13FB4E00DD5028 /* blazing saddles.gif in Resources */,
				37CE53E01E13FB4D00DD5028 /* the lion king.gif in Resources */,
				37CE54081E13FB4E00DD5028 /* shaun of the dead.gif in Resources */,
				37D2D4981E153B8800D5A9A8 /* contact.gif in Resources */,
				37CE53F61E13FB4E00DD5028 /* ghost.gif in Resources */,
				37CE53EE1E13FB4E00DD5028 /* what about bob.gif in Resources */,
				3702CF6B1E11565D00599040 /* wall-e.gif in Resources */,
				3702CF881E116F7500599040 /* national treasure.gif in Resources */,
				3702CF6D1E11565D00599040 /* back to the future.gif in Resources */,
				3702CF8D1E116F7500599040 /* the matrix.gif in Resources */,
				3702CF5B1E1151CC00599040 /* you've got mail.gif in Resources */,
				3702CF891E116F7500599040 /* sherlock holmes.jpg in Resources */,
				3702CF8C1E116F7500599040 /* the usual suspects.gif in Resources */,
				3702CF771E115A8400599040 /* the wizard of oz.gif in Resources */,
				3702CF6C1E11565D00599040 /* the three amigos.gif in Resources */,
				3702CF791E115A8400599040 /* ace ventura pet detective.gif in Resources */,
				37CE53EA1E13FB4E00DD5028 /* joy.gif in Resources */,
				37CE54071E13FB4E00DD5028 /* hot fuzz.gif in Resources */,
				3702CF8B1E116F7500599040 /* ghostbusters.gif in Resources */,
				37CE53F01E13FB4E00DD5028 /* groundhog day.gif in Resources */,
				37CE53F11E13FB4E00DD5028 /* armageddon.gif in Resources */,
				3702CF8A1E116F7500599040 /* dirty dancing.gif in Resources */,
				37CE53F81E13FB4E00DD5028 /* coyote ugly.gif in Resources */,
				373D6D0E1E16F53300E18D51 /* home alone.gif in Resources */,
				37CE54011E13FB4E00DD5028 /* apollo 13.gif in Resources */,
				3702CF681E11565D00599040 /* forrest gump.gif in Resources */,
				37CE54001E13FB4E00DD5028 /* goonies.gif in Resources */,
				37CE53FA1E13FB4E00DD5028 /* white men can't jump.gif in Resources */,
				66D06FC51E094DF0008ACB40 /* the net.gif in Resources */,
				3702CF6E1E11565D00599040 /* ferris bueller's day off.gif in Resources */,
				3702CF781E115A8400599040 /* kindergarten cop.gif in Resources */,
				3702CF761E115A8400599040 /* pulp fiction.gif in Resources */,
				37CE53FB1E13FB4E00DD5028 /* beverly hills cop.gif in Resources */,
				3702CF591E11518F00599040 /* poltergeist.gif in Resources */,
				37CE53E61E13FB4E00DD5028 /* the day after tomorrow.gif in Resources */,
				3702CF6A1E11565D00599040 /* se7en.gif in Resources */,
				373D6D0B1E16966A00E18D51 /* GoogleService-Info.plist in Resources */,
				37CE53E31E13FB4D00DD5028 /* caddyshack.gif in Resources */,
				37CE53E81E13FB4E00DD5028 /* noah.gif in Resources */,
				3702CF8F1E12AFCC00599040 /* happy gilmore.gif in Resources */,
				37CE53F21E13FB4E00DD5028 /* gladiator.gif in Resources */,
				3702CF851E116F7500599040 /* father of the bride.gif in Resources */,
				66D06F771E08C8BA008ACB40 /* MainInterface.storyboard in Resources */,
				37CE53F31E13FB4E00DD5028 /* honey i shrunk the kids.gif in Resources */,
				37CE53E11E13FB4D00DD5028 /* clueless.gif in Resources */,
				37CE53E21E13FB4D00DD5028 /* all the president's men.gif in Resources */,
				3702CF7A1E115A8400599040 /* face off.gif in Resources */,
				3702CF671E11565D00599040 /* thor.gif in Resources */,
				37CE54041E13FB4E00DD5028 /* footloose.gif in Resources */,
				37CE53ED1E13FB4E00DD5028 /* rudy.gif in Resources */,
				3702CF691E11565D00599040 /* spider-man.gif in Resources */,
				37CE53E91E13FB4E00DD5028 /* legally blonde.gif in Resources */,
				37CE53E51E13FB4E00DD5028 /* captain america civil war.gif in Resources */,
				66D06FC41E094DF0008ACB40 /* demolition man.gif in Resources */,
				37CE54061E13FB4E00DD5028 /* days of thunder.gif in Resources */,
				3702CF7B1E115A8400599040 /* big.gif in Resources */,
				37CE53E41E13FB4D00DD5028 /* elf.gif in Resources */,
				37CE53EC1E13FB4E00DD5028 /* pretty woman.gif in Resources */,
				3702CF871E116F7500599040 /* the dark knight.gif in Resources */,
				37CE53FC1E13FB4E00DD5028 /* die hard.gif in Resources */,
				37CE53F41E13FB4E00DD5028 /* coming to america.gif in Resources */,
				37CE53F71E13FB4E00DD5028 /* con air.gif in Resources */,
				37CE54021E13FB4E00DD5028 /* the karate kid.gif in Resources */,
			);
			runOnlyForDeploymentPostprocessing = 0;
		};
/* End PBXResourcesBuildPhase section */

/* Begin PBXShellScriptBuildPhase section */
		03BF160BF2B9C5B471FE3EA8 /* [CP] Embed Pods Frameworks */ = {
			isa = PBXShellScriptBuildPhase;
			buildActionMask = 2147483647;
			files = (
			);
			inputPaths = (
			);
			name = "[CP] Embed Pods Frameworks";
			outputPaths = (
			);
			runOnlyForDeploymentPostprocessing = 0;
			shellPath = /bin/sh;
			shellScript = "\"${SRCROOT}/Pods/Target Support Files/Pods-emojigame/Pods-emojigame-frameworks.sh\"\n";
			showEnvVarsInLog = 0;
		};
		0D6F797A79132F024C85C471 /* [CP] Check Pods Manifest.lock */ = {
			isa = PBXShellScriptBuildPhase;
			buildActionMask = 2147483647;
			files = (
			);
			inputPaths = (
			);
			name = "[CP] Check Pods Manifest.lock";
			outputPaths = (
			);
			runOnlyForDeploymentPostprocessing = 0;
			shellPath = /bin/sh;
			shellScript = "diff \"${PODS_ROOT}/../Podfile.lock\" \"${PODS_ROOT}/Manifest.lock\" > /dev/null\nif [ $? != 0 ] ; then\n    # print error to STDERR\n    echo \"error: The sandbox is not in sync with the Podfile.lock. Run 'pod install' or update your CocoaPods installation.\" >&2\n    exit 1\nfi\n";
			showEnvVarsInLog = 0;
		};
		244DCE7E7B869FAB3EECCE10 /* [CP] Copy Pods Resources */ = {
			isa = PBXShellScriptBuildPhase;
			buildActionMask = 2147483647;
			files = (
			);
			inputPaths = (
			);
			name = "[CP] Copy Pods Resources";
			outputPaths = (
			);
			runOnlyForDeploymentPostprocessing = 0;
			shellPath = /bin/sh;
			shellScript = "\"${SRCROOT}/Pods/Target Support Files/Pods-emojigame-Emojisodes/Pods-emojigame-Emojisodes-resources.sh\"\n";
			showEnvVarsInLog = 0;
		};
		2F3E68202A4B48550EF0EA17 /* [CP] Check Pods Manifest.lock */ = {
			isa = PBXShellScriptBuildPhase;
			buildActionMask = 2147483647;
			files = (
			);
			inputPaths = (
			);
			name = "[CP] Check Pods Manifest.lock";
			outputPaths = (
			);
			runOnlyForDeploymentPostprocessing = 0;
			shellPath = /bin/sh;
			shellScript = "diff \"${PODS_ROOT}/../Podfile.lock\" \"${PODS_ROOT}/Manifest.lock\" > /dev/null\nif [ $? != 0 ] ; then\n    # print error to STDERR\n    echo \"error: The sandbox is not in sync with the Podfile.lock. Run 'pod install' or update your CocoaPods installation.\" >&2\n    exit 1\nfi\n";
			showEnvVarsInLog = 0;
		};
		3748CB4B263C1C937264447F /* [CP] Embed Pods Frameworks */ = {
			isa = PBXShellScriptBuildPhase;
			buildActionMask = 2147483647;
			files = (
			);
			inputPaths = (
			);
			name = "[CP] Embed Pods Frameworks";
			outputPaths = (
			);
			runOnlyForDeploymentPostprocessing = 0;
			shellPath = /bin/sh;
			shellScript = "\"${SRCROOT}/Pods/Target Support Files/Pods-emojigameUITests/Pods-emojigameUITests-frameworks.sh\"\n";
			showEnvVarsInLog = 0;
		};
		5D40B820B6BAB537326DC9E9 /* [CP] Copy Pods Resources */ = {
			isa = PBXShellScriptBuildPhase;
			buildActionMask = 2147483647;
			files = (
			);
			inputPaths = (
			);
			name = "[CP] Copy Pods Resources";
			outputPaths = (
			);
			runOnlyForDeploymentPostprocessing = 0;
			shellPath = /bin/sh;
			shellScript = "\"${SRCROOT}/Pods/Target Support Files/Pods-emojigame/Pods-emojigame-resources.sh\"\n";
			showEnvVarsInLog = 0;
		};
		66EB93D51D3599D00081FF4F /* ShellScript */ = {
			isa = PBXShellScriptBuildPhase;
			buildActionMask = 2147483647;
			files = (
			);
			inputPaths = (
			);
			outputPaths = (
			);
			runOnlyForDeploymentPostprocessing = 0;
			shellPath = /bin/sh;
			shellScript = "./Fabric.framework/run c1f9a6229f47deedcbe6bb5bf9082d440c61c9ad 9334ef346039a0d12decf657700b3d9ef1843ca5f8f7ecc566d04ab63518f9e3";
		};
		6CFD84DC8B87AA727F0092E8 /* [CP] Copy Pods Resources */ = {
			isa = PBXShellScriptBuildPhase;
			buildActionMask = 2147483647;
			files = (
			);
			inputPaths = (
			);
			name = "[CP] Copy Pods Resources";
			outputPaths = (
			);
			runOnlyForDeploymentPostprocessing = 0;
			shellPath = /bin/sh;
			shellScript = "\"${SRCROOT}/Pods/Target Support Files/Pods-emojigameTests/Pods-emojigameTests-resources.sh\"\n";
			showEnvVarsInLog = 0;
		};
		95324E31E6FAB94456E7767D /* [CP] Check Pods Manifest.lock */ = {
			isa = PBXShellScriptBuildPhase;
			buildActionMask = 2147483647;
			files = (
			);
			inputPaths = (
			);
			name = "[CP] Check Pods Manifest.lock";
			outputPaths = (
			);
			runOnlyForDeploymentPostprocessing = 0;
			shellPath = /bin/sh;
			shellScript = "diff \"${PODS_ROOT}/../Podfile.lock\" \"${PODS_ROOT}/Manifest.lock\" > /dev/null\nif [ $? != 0 ] ; then\n    # print error to STDERR\n    echo \"error: The sandbox is not in sync with the Podfile.lock. Run 'pod install' or update your CocoaPods installation.\" >&2\n    exit 1\nfi\n";
			showEnvVarsInLog = 0;
		};
		ADBB5F57E6BC1204D6FF7392 /* [CP] Check Pods Manifest.lock */ = {
			isa = PBXShellScriptBuildPhase;
			buildActionMask = 2147483647;
			files = (
			);
			inputPaths = (
			);
			name = "[CP] Check Pods Manifest.lock";
			outputPaths = (
			);
			runOnlyForDeploymentPostprocessing = 0;
			shellPath = /bin/sh;
			shellScript = "diff \"${PODS_ROOT}/../Podfile.lock\" \"${PODS_ROOT}/Manifest.lock\" > /dev/null\nif [ $? != 0 ] ; then\n    # print error to STDERR\n    echo \"error: The sandbox is not in sync with the Podfile.lock. Run 'pod install' or update your CocoaPods installation.\" >&2\n    exit 1\nfi\n";
			showEnvVarsInLog = 0;
		};
		B53FAF6DF82E35F03F91F621 /* [CP] Copy Pods Resources */ = {
			isa = PBXShellScriptBuildPhase;
			buildActionMask = 2147483647;
			files = (
			);
			inputPaths = (
			);
			name = "[CP] Copy Pods Resources";
			outputPaths = (
			);
			runOnlyForDeploymentPostprocessing = 0;
			shellPath = /bin/sh;
			shellScript = "\"${SRCROOT}/Pods/Target Support Files/Pods-emojigameUITests/Pods-emojigameUITests-resources.sh\"\n";
			showEnvVarsInLog = 0;
		};
		DF423CB2963872BF745782D0 /* [CP] Embed Pods Frameworks */ = {
			isa = PBXShellScriptBuildPhase;
			buildActionMask = 2147483647;
			files = (
			);
			inputPaths = (
			);
			name = "[CP] Embed Pods Frameworks";
			outputPaths = (
			);
			runOnlyForDeploymentPostprocessing = 0;
			shellPath = /bin/sh;
			shellScript = "\"${SRCROOT}/Pods/Target Support Files/Pods-emojigameTests/Pods-emojigameTests-frameworks.sh\"\n";
			showEnvVarsInLog = 0;
		};
/* End PBXShellScriptBuildPhase section */

/* Begin PBXSourcesBuildPhase section */
		66374B531D2EFF58007024B1 /* Sources */ = {
			isa = PBXSourcesBuildPhase;
			buildActionMask = 2147483647;
			files = (
				66DE19BE1D524317001E589B /* AddMovieController.swift in Sources */,
				66487E711E072E7D001EA15A /* ButtonCell.swift in Sources */,
				662604BA1D6DDFBB001E0424 /* FirstTime2Controller.swift in Sources */,
				662604B81D6DDFB1001E0424 /* FirstTimeController.swift in Sources */,
				66695A461D3CFEDF008FEA44 /* ViewController.swift in Sources */,
				6652963A1E00580C00854403 /* MovieListController.swift in Sources */,
				66DE19C01D5245A2001E589B /* Movies.swift in Sources */,
				6695A05B1D71A47400DE855F /* StringScore.swift in Sources */,
				66695A481D3CFEDF008FEA44 /* AppDelegate.swift in Sources */,
				6697E20B1DF838FF00542F8C /* OMDBAPIController.swift in Sources */,
				66F8FD661D6CE20A0027E031 /* ProfileController.swift in Sources */,
				66DE19C21D524737001E589B /* Users.swift in Sources */,
				66F8FD5E1D5B5CCD0027E031 /* LoginController.swift in Sources */,
			);
			runOnlyForDeploymentPostprocessing = 0;
		};
		66374B671D2EFF58007024B1 /* Sources */ = {
			isa = PBXSourcesBuildPhase;
			buildActionMask = 2147483647;
			files = (
			);
			runOnlyForDeploymentPostprocessing = 0;
		};
		66374B721D2EFF58007024B1 /* Sources */ = {
			isa = PBXSourcesBuildPhase;
			buildActionMask = 2147483647;
			files = (
			);
			runOnlyForDeploymentPostprocessing = 0;
		};
		66D06F6C1E08C8BA008ACB40 /* Sources */ = {
			isa = PBXSourcesBuildPhase;
			buildActionMask = 2147483647;
			files = (
				376DD4C31E0EA02D00423F13 /* MessagesViewController.swift in Sources */,
				66D06F821E08CA62008ACB40 /* EmojisodesStickersViewController.swift in Sources */,
			);
			runOnlyForDeploymentPostprocessing = 0;
		};
/* End PBXSourcesBuildPhase section */

/* Begin PBXTargetDependency section */
		66374B6D1D2EFF58007024B1 /* PBXTargetDependency */ = {
			isa = PBXTargetDependency;
			target = 66374B561D2EFF58007024B1 /* emojigame */;
			targetProxy = 66374B6C1D2EFF58007024B1 /* PBXContainerItemProxy */;
		};
		66374B781D2EFF58007024B1 /* PBXTargetDependency */ = {
			isa = PBXTargetDependency;
			target = 66374B561D2EFF58007024B1 /* emojigame */;
			targetProxy = 66374B771D2EFF58007024B1 /* PBXContainerItemProxy */;
		};
		66D06F7C1E08C8BA008ACB40 /* PBXTargetDependency */ = {
			isa = PBXTargetDependency;
			target = 66D06F6F1E08C8BA008ACB40 /* Emojisodes */;
			targetProxy = 66D06F7B1E08C8BA008ACB40 /* PBXContainerItemProxy */;
		};
/* End PBXTargetDependency section */

/* Begin PBXVariantGroup section */
		669FAC611D3D02ED00C92433 /* LaunchScreen.storyboard */ = {
			isa = PBXVariantGroup;
			children = (
				669FAC621D3D02ED00C92433 /* Base */,
			);
			name = LaunchScreen.storyboard;
			sourceTree = "<group>";
		};
		669FAC631D3D02ED00C92433 /* Main.storyboard */ = {
			isa = PBXVariantGroup;
			children = (
				669FAC641D3D02ED00C92433 /* Base */,
			);
			name = Main.storyboard;
			sourceTree = "<group>";
		};
		66D06F751E08C8BA008ACB40 /* MainInterface.storyboard */ = {
			isa = PBXVariantGroup;
			children = (
				66D06F761E08C8BA008ACB40 /* Base */,
			);
			name = MainInterface.storyboard;
			sourceTree = "<group>";
		};
/* End PBXVariantGroup section */

/* Begin XCBuildConfiguration section */
		66374B7D1D2EFF58007024B1 /* Debug */ = {
			isa = XCBuildConfiguration;
			buildSettings = {
				ALWAYS_SEARCH_USER_PATHS = NO;
				CLANG_ANALYZER_NONNULL = YES;
				CLANG_CXX_LANGUAGE_STANDARD = "gnu++0x";
				CLANG_CXX_LIBRARY = "libc++";
				CLANG_ENABLE_MODULES = YES;
				CLANG_ENABLE_OBJC_ARC = YES;
				CLANG_WARN_BOOL_CONVERSION = YES;
				CLANG_WARN_CONSTANT_CONVERSION = YES;
				CLANG_WARN_DIRECT_OBJC_ISA_USAGE = YES_ERROR;
				CLANG_WARN_EMPTY_BODY = YES;
				CLANG_WARN_ENUM_CONVERSION = YES;
				CLANG_WARN_INT_CONVERSION = YES;
				CLANG_WARN_OBJC_ROOT_CLASS = YES_ERROR;
				CLANG_WARN_UNREACHABLE_CODE = YES;
				CLANG_WARN__DUPLICATE_METHOD_MATCH = YES;
				"CODE_SIGN_IDENTITY[sdk=iphoneos*]" = "iPhone Developer";
				COPY_PHASE_STRIP = NO;
				DEBUG_INFORMATION_FORMAT = dwarf;
				ENABLE_BITCODE = NO;
				ENABLE_STRICT_OBJC_MSGSEND = YES;
				ENABLE_TESTABILITY = YES;
				FRAMEWORK_SEARCH_PATHS = (
					"$(PROJECT_DIR)/**",
					"$(SRCROOT)/**",
				);
				GCC_C_LANGUAGE_STANDARD = gnu99;
				GCC_DYNAMIC_NO_PIC = NO;
				GCC_NO_COMMON_BLOCKS = YES;
				GCC_OPTIMIZATION_LEVEL = 0;
				GCC_PREPROCESSOR_DEFINITIONS = (
					"DEBUG=1",
					"$(inherited)",
				);
				GCC_WARN_64_TO_32_BIT_CONVERSION = YES;
				GCC_WARN_ABOUT_RETURN_TYPE = YES_ERROR;
				GCC_WARN_UNDECLARED_SELECTOR = YES;
				GCC_WARN_UNINITIALIZED_AUTOS = YES_AGGRESSIVE;
				GCC_WARN_UNUSED_FUNCTION = YES;
				GCC_WARN_UNUSED_VARIABLE = YES;
				IPHONEOS_DEPLOYMENT_TARGET = 9.3;
				MTL_ENABLE_DEBUG_INFO = YES;
				ONLY_ACTIVE_ARCH = YES;
				SDKROOT = iphoneos;
				SWIFT_OPTIMIZATION_LEVEL = "-Onone";
			};
			name = Debug;
		};
		66374B7E1D2EFF58007024B1 /* Release */ = {
			isa = XCBuildConfiguration;
			buildSettings = {
				ALWAYS_SEARCH_USER_PATHS = NO;
				CLANG_ANALYZER_NONNULL = YES;
				CLANG_CXX_LANGUAGE_STANDARD = "gnu++0x";
				CLANG_CXX_LIBRARY = "libc++";
				CLANG_ENABLE_MODULES = YES;
				CLANG_ENABLE_OBJC_ARC = YES;
				CLANG_WARN_BOOL_CONVERSION = YES;
				CLANG_WARN_CONSTANT_CONVERSION = YES;
				CLANG_WARN_DIRECT_OBJC_ISA_USAGE = YES_ERROR;
				CLANG_WARN_EMPTY_BODY = YES;
				CLANG_WARN_ENUM_CONVERSION = YES;
				CLANG_WARN_INT_CONVERSION = YES;
				CLANG_WARN_OBJC_ROOT_CLASS = YES_ERROR;
				CLANG_WARN_UNREACHABLE_CODE = YES;
				CLANG_WARN__DUPLICATE_METHOD_MATCH = YES;
				"CODE_SIGN_IDENTITY[sdk=iphoneos*]" = "iPhone Developer";
				COPY_PHASE_STRIP = NO;
				DEBUG_INFORMATION_FORMAT = "dwarf-with-dsym";
				ENABLE_BITCODE = NO;
				ENABLE_NS_ASSERTIONS = NO;
				ENABLE_STRICT_OBJC_MSGSEND = YES;
				FRAMEWORK_SEARCH_PATHS = (
					"$(PROJECT_DIR)/**",
					"$(SRCROOT)/**",
				);
				GCC_C_LANGUAGE_STANDARD = gnu99;
				GCC_NO_COMMON_BLOCKS = YES;
				GCC_WARN_64_TO_32_BIT_CONVERSION = YES;
				GCC_WARN_ABOUT_RETURN_TYPE = YES_ERROR;
				GCC_WARN_UNDECLARED_SELECTOR = YES;
				GCC_WARN_UNINITIALIZED_AUTOS = YES_AGGRESSIVE;
				GCC_WARN_UNUSED_FUNCTION = YES;
				GCC_WARN_UNUSED_VARIABLE = YES;
				IPHONEOS_DEPLOYMENT_TARGET = 9.3;
				MTL_ENABLE_DEBUG_INFO = NO;
				SDKROOT = iphoneos;
				VALIDATE_PRODUCT = YES;
			};
			name = Release;
		};
		66374B801D2EFF58007024B1 /* Debug */ = {
			isa = XCBuildConfiguration;
			baseConfigurationReference = 2A73B11DAB20B9FCFBBDDA8B /* Pods-emojigame.debug.xcconfig */;
			buildSettings = {
				ALWAYS_EMBED_SWIFT_STANDARD_LIBRARIES = YES;
				ASSETCATALOG_COMPILER_APPICON_NAME = AppIcon;
				CLANG_ENABLE_MODULES = YES;
				CODE_SIGN_ENTITLEMENTS = emojigame/emojigame.entitlements;
				CODE_SIGN_IDENTITY = "iPhone Developer";
				"CODE_SIGN_IDENTITY[sdk=iphoneos*]" = "iPhone Developer";
				DEVELOPMENT_TEAM = "";
				EMBEDDED_CONTENT_CONTAINS_SWIFT = YES;
				ENABLE_BITCODE = NO;
				FRAMEWORK_SEARCH_PATHS = (
					"$(inherited)",
					"$(PROJECT_DIR)",
					"$(PROJECT_DIR)/build/Debug-iphoneos",
					"$(PROJECT_DIR)/Pods",
					"$(PROJECT_DIR)/build/Debug-iphoneos/GTMSessionFetcher",
					"$(PROJECT_DIR)/build/Debug-iphoneos/GoogleToolboxForMac",
					"$(PROJECT_DIR)/build/Debug-iphoneos/StringScore_Swift",
					"$(PROJECT_DIR)/build/Debug-iphoneos/Mixpanel-swift",
					"$(SRCROOT)/**",
					"$(PROJECT_DIR)/build/Debug-iphoneos/GiphySwift",
				);
				INFOPLIST_FILE = emojigame/Info.plist;
				IPHONEOS_DEPLOYMENT_TARGET = 10.1;
				LD_RUNPATH_SEARCH_PATHS = "$(inherited) @executable_path/Frameworks";
				PRODUCT_BUNDLE_IDENTIFIER = com.adamdsigel.emojisodes1;
				PRODUCT_NAME = emojigame;
				PROVISIONING_PROFILE = "";
				PROVISIONING_PROFILE_SPECIFIER = "";
				SWIFT_INSTALL_OBJC_HEADER = YES;
				SWIFT_OPTIMIZATION_LEVEL = "-Onone";
				SWIFT_VERSION = 2.3;
				VALID_ARCHS = "arm64 armv7 armv7s";
			};
			name = Debug;
		};
		66374B811D2EFF58007024B1 /* Release */ = {
			isa = XCBuildConfiguration;
			baseConfigurationReference = 2B84D334BF9C1FFD10019471 /* Pods-emojigame.release.xcconfig */;
			buildSettings = {
				ALWAYS_EMBED_SWIFT_STANDARD_LIBRARIES = YES;
				ASSETCATALOG_COMPILER_APPICON_NAME = AppIcon;
				CLANG_ENABLE_MODULES = YES;
				CODE_SIGN_ENTITLEMENTS = emojigame/emojigame.entitlements;
				CODE_SIGN_IDENTITY = "iPhone Developer";
				"CODE_SIGN_IDENTITY[sdk=iphoneos*]" = "iPhone Developer";
				DEVELOPMENT_TEAM = "";
				EMBEDDED_CONTENT_CONTAINS_SWIFT = YES;
				ENABLE_BITCODE = NO;
				FRAMEWORK_SEARCH_PATHS = (
					"$(inherited)",
					"$(PROJECT_DIR)",
					"$(PROJECT_DIR)/build/Debug-iphoneos",
					"$(PROJECT_DIR)/Pods",
					"$(PROJECT_DIR)/build/Debug-iphoneos/GTMSessionFetcher",
					"$(PROJECT_DIR)/build/Debug-iphoneos/GoogleToolboxForMac",
					"$(PROJECT_DIR)/build/Debug-iphoneos/StringScore_Swift",
					"$(PROJECT_DIR)/build/Debug-iphoneos/Mixpanel-swift",
					"$(SRCROOT)/**",
					"$(PROJECT_DIR)/build/Debug-iphoneos/GiphySwift",
				);
				INFOPLIST_FILE = emojigame/Info.plist;
				IPHONEOS_DEPLOYMENT_TARGET = 10.1;
				LD_RUNPATH_SEARCH_PATHS = "$(inherited) @executable_path/Frameworks";
				ONLY_ACTIVE_ARCH = YES;
				PRODUCT_BUNDLE_IDENTIFIER = com.adamdsigel.emojisodes1;
				PRODUCT_NAME = emojigame;
				PROVISIONING_PROFILE = "";
				PROVISIONING_PROFILE_SPECIFIER = "";
				SWIFT_INSTALL_OBJC_HEADER = YES;
				SWIFT_VERSION = 2.3;
				VALID_ARCHS = "arm64 armv7 armv7s";
			};
			name = Release;
		};
		66374B831D2EFF58007024B1 /* Debug */ = {
			isa = XCBuildConfiguration;
			baseConfigurationReference = 396BFF86A83756C07C883845 /* Pods-emojigameTests.debug.xcconfig */;
			buildSettings = {
				BUNDLE_LOADER = "$(TEST_HOST)";
				INFOPLIST_FILE = "Fun FactsTests/Info.plist";
				LD_RUNPATH_SEARCH_PATHS = "$(inherited) @executable_path/Frameworks @loader_path/Frameworks";
				PRODUCT_BUNDLE_IDENTIFIER = "com.adamdsigel.Fun-FactsTests";
				PRODUCT_NAME = emojigame;
				SWIFT_VERSION = 3.0;
				TEST_HOST = "$(BUILT_PRODUCTS_DIR)/emojigame.app/emojigame";
			};
			name = Debug;
		};
		66374B841D2EFF58007024B1 /* Release */ = {
			isa = XCBuildConfiguration;
			baseConfigurationReference = 83B4767F631DB37143FB79FC /* Pods-emojigameTests.release.xcconfig */;
			buildSettings = {
				BUNDLE_LOADER = "$(TEST_HOST)";
				INFOPLIST_FILE = "Fun FactsTests/Info.plist";
				LD_RUNPATH_SEARCH_PATHS = "$(inherited) @executable_path/Frameworks @loader_path/Frameworks";
				PRODUCT_BUNDLE_IDENTIFIER = "com.adamdsigel.Fun-FactsTests";
				PRODUCT_NAME = emojigame;
				SWIFT_VERSION = 3.0;
				TEST_HOST = "$(BUILT_PRODUCTS_DIR)/emojigame.app/emojigame";
			};
			name = Release;
		};
		66374B861D2EFF58007024B1 /* Debug */ = {
			isa = XCBuildConfiguration;
			baseConfigurationReference = 0FC8386ED49E588FB99AAD01 /* Pods-emojigameUITests.debug.xcconfig */;
			buildSettings = {
				INFOPLIST_FILE = "Fun FactsUITests/Info.plist";
				LD_RUNPATH_SEARCH_PATHS = "$(inherited) @executable_path/Frameworks @loader_path/Frameworks";
				PRODUCT_BUNDLE_IDENTIFIER = "com.adamdsigel.Fun-FactsUITests";
				PRODUCT_NAME = emojigame;
				SWIFT_VERSION = 3.0;
				TEST_TARGET_NAME = "Fun Facts";
			};
			name = Debug;
		};
		66374B871D2EFF58007024B1 /* Release */ = {
			isa = XCBuildConfiguration;
			baseConfigurationReference = 93AEC1F590FA126D6F68B298 /* Pods-emojigameUITests.release.xcconfig */;
			buildSettings = {
				INFOPLIST_FILE = "Fun FactsUITests/Info.plist";
				LD_RUNPATH_SEARCH_PATHS = "$(inherited) @executable_path/Frameworks @loader_path/Frameworks";
				PRODUCT_BUNDLE_IDENTIFIER = "com.adamdsigel.Fun-FactsUITests";
				PRODUCT_NAME = emojigame;
				SWIFT_VERSION = 3.0;
				TEST_TARGET_NAME = "Fun Facts";
			};
			name = Release;
		};
		66D06F7E1E08C8BA008ACB40 /* Debug */ = {
			isa = XCBuildConfiguration;
			baseConfigurationReference = C02BCD1D7CB2844526C26F06 /* Pods-emojigame-Emojisodes.debug.xcconfig */;
			buildSettings = {
				ASSETCATALOG_COMPILER_APPICON_NAME = "iMessage App Icon";
				CLANG_WARN_DOCUMENTATION_COMMENTS = YES;
				CLANG_WARN_INFINITE_RECURSION = YES;
				CLANG_WARN_SUSPICIOUS_MOVES = YES;
				CODE_SIGN_ENTITLEMENTS = Emojisodes/Emojisodes.entitlements;
				CODE_SIGN_IDENTITY = "iPhone Developer";
				"CODE_SIGN_IDENTITY[sdk=iphoneos*]" = "iPhone Developer";
				DEVELOPMENT_TEAM = 3KF5MT5476;
				FRAMEWORK_SEARCH_PATHS = (
					"$(inherited)",
					"$(PROJECT_DIR)/build/Debug-iphoneos",
				);
				INFOPLIST_FILE = Emojisodes/Info.plist;
				IPHONEOS_DEPLOYMENT_TARGET = 10.1;
				LD_RUNPATH_SEARCH_PATHS = "$(inherited) @executable_path/Frameworks @executable_path/../../Frameworks";
				PRODUCT_BUNDLE_IDENTIFIER = com.adamdsigel.emojisodes1.Emojisodes;
				PRODUCT_NAME = "$(TARGET_NAME)";
				SKIP_INSTALL = YES;
				SWIFT_ACTIVE_COMPILATION_CONDITIONS = DEBUG;
				SWIFT_VERSION = 2.3;
			};
			name = Debug;
		};
		66D06F7F1E08C8BA008ACB40 /* Release */ = {
			isa = XCBuildConfiguration;
			baseConfigurationReference = 20DFF87D37776CEAD79F3CA7 /* Pods-emojigame-Emojisodes.release.xcconfig */;
			buildSettings = {
				ASSETCATALOG_COMPILER_APPICON_NAME = "iMessage App Icon";
				CLANG_WARN_DOCUMENTATION_COMMENTS = YES;
				CLANG_WARN_INFINITE_RECURSION = YES;
				CLANG_WARN_SUSPICIOUS_MOVES = YES;
				CODE_SIGN_ENTITLEMENTS = Emojisodes/Emojisodes.entitlements;
				CODE_SIGN_IDENTITY = "iPhone Developer";
				"CODE_SIGN_IDENTITY[sdk=iphoneos*]" = "iPhone Developer";
				DEVELOPMENT_TEAM = 3KF5MT5476;
				FRAMEWORK_SEARCH_PATHS = (
					"$(inherited)",
					"$(PROJECT_DIR)/build/Debug-iphoneos",
				);
				INFOPLIST_FILE = Emojisodes/Info.plist;
				IPHONEOS_DEPLOYMENT_TARGET = 10.1;
				LD_RUNPATH_SEARCH_PATHS = "$(inherited) @executable_path/Frameworks @executable_path/../../Frameworks";
				PRODUCT_BUNDLE_IDENTIFIER = com.adamdsigel.emojisodes1.Emojisodes;
				PRODUCT_NAME = "$(TARGET_NAME)";
				SKIP_INSTALL = YES;
				SWIFT_OPTIMIZATION_LEVEL = "-Owholemodule";
				SWIFT_VERSION = 2.3;
			};
			name = Release;
		};
/* End XCBuildConfiguration section */

/* Begin XCConfigurationList section */
		66374B521D2EFF58007024B1 /* Build configuration list for PBXProject "emojigame" */ = {
			isa = XCConfigurationList;
			buildConfigurations = (
				66374B7D1D2EFF58007024B1 /* Debug */,
				66374B7E1D2EFF58007024B1 /* Release */,
			);
			defaultConfigurationIsVisible = 0;
			defaultConfigurationName = Release;
		};
		66374B7F1D2EFF58007024B1 /* Build configuration list for PBXNativeTarget "emojigame" */ = {
			isa = XCConfigurationList;
			buildConfigurations = (
				66374B801D2EFF58007024B1 /* Debug */,
				66374B811D2EFF58007024B1 /* Release */,
			);
			defaultConfigurationIsVisible = 0;
			defaultConfigurationName = Release;
		};
		66374B821D2EFF58007024B1 /* Build configuration list for PBXNativeTarget "emojigameTests" */ = {
			isa = XCConfigurationList;
			buildConfigurations = (
				66374B831D2EFF58007024B1 /* Debug */,
				66374B841D2EFF58007024B1 /* Release */,
			);
			defaultConfigurationIsVisible = 0;
			defaultConfigurationName = Release;
		};
		66374B851D2EFF58007024B1 /* Build configuration list for PBXNativeTarget "emojigameUITests" */ = {
			isa = XCConfigurationList;
			buildConfigurations = (
				66374B861D2EFF58007024B1 /* Debug */,
				66374B871D2EFF58007024B1 /* Release */,
			);
			defaultConfigurationIsVisible = 0;
			defaultConfigurationName = Release;
		};
		66D06F801E08C8BA008ACB40 /* Build configuration list for PBXNativeTarget "Emojisodes" */ = {
			isa = XCConfigurationList;
			buildConfigurations = (
				66D06F7E1E08C8BA008ACB40 /* Debug */,
				66D06F7F1E08C8BA008ACB40 /* Release */,
			);
			defaultConfigurationIsVisible = 0;
			defaultConfigurationName = Release;
		};
/* End XCConfigurationList section */
	};
	rootObject = 66374B4F1D2EFF58007024B1 /* Project object */;
}
